
Microsoft Visual Studio Solution File, Format Version 12.00
# Visual Studio Version 17
VisualStudioVersion = 17.9.34728.123
MinimumVisualStudioVersion = 10.0.40219.1
Project("{2150E333-8FDC-42A3-9474-1A3956D46DE8}") = "Homework-1", "Homework-1", "{4E0CB6BA-AE03-4F1C-BBFB-CFEC94F4CD5B}"
EndProject
Project("{9A19103F-16F7-4668-BE54-9A1E7A4F7556}") = "Task_1", "Homework-1\Task_1\Task_1.csproj", "{615BA7DC-3C21-4159-8432-B723FA7C45AD}"
EndProject
Project("{9A19103F-16F7-4668-BE54-9A1E7A4F7556}") = "Task_1", "Homework-2\Task_1\Task_1.csproj", "{21934BEC-5F5A-4496-907E-0BE47EC99CE1}"
EndProject
Project("{2150E333-8FDC-42A3-9474-1A3956D46DE8}") = "Homework-2", "Homework-2", "{1AFD1B8C-4252-41C7-8E2B-3DC9C927B04E}"
EndProject
Project("{9A19103F-16F7-4668-BE54-9A1E7A4F7556}") = "Task_2", "Homework-2\Task_2\Task_2.csproj", "{D9C9CEEC-DD26-4664-A7DA-7259303AE07E}"
EndProject
Project("{9A19103F-16F7-4668-BE54-9A1E7A4F7556}") = "Task_3", "Homework-2\Task_3\Task_3.csproj", "{37BE5CF3-3601-4DFD-9482-6285380D4663}"
EndProject
Project("{9A19103F-16F7-4668-BE54-9A1E7A4F7556}") = "Task_4", "Homework-2\Task_4\Task_4.csproj", "{95B0047B-262F-455C-B473-A3CEE0E47CA4}"
EndProject
Project("{9A19103F-16F7-4668-BE54-9A1E7A4F7556}") = "Task_5", "Homework-2\Task_5\Task_5.csproj", "{7FDEFD37-2A7A-4B45-81D0-AAFBEF8EA03E}"
EndProject
Project("{9A19103F-16F7-4668-BE54-9A1E7A4F7556}") = "Task_6", "Homework-2\Task_6\Task_6.csproj", "{5CE40D55-05AE-484E-BC29-89FD08D41008}"
EndProject
Project("{9A19103F-16F7-4668-BE54-9A1E7A4F7556}") = "Task_7", "Homework-2\Task_7\Task_7.csproj", "{33CCA9B1-B0AC-41D5-A473-BBC0395282EF}"
EndProject
Project("{2150E333-8FDC-42A3-9474-1A3956D46DE8}") = "Homework-3", "Homework-3", "{9F9EB397-C05C-473C-8259-8E61C508A19F}"
EndProject
Project("{9A19103F-16F7-4668-BE54-9A1E7A4F7556}") = "Task_1", "Homework-3\Task_1\Task_1.csproj", "{33CE8FA2-241C-4F6E-BD13-2273CA005A20}"
EndProject
Project("{9A19103F-16F7-4668-BE54-9A1E7A4F7556}") = "Task_2", "Homework-3\Task_2\Task_2.csproj", "{2AFA4FAC-7BD0-434C-9E7A-0403D01283D1}"
EndProject
Project("{9A19103F-16F7-4668-BE54-9A1E7A4F7556}") = "Task_3", "Homework-3\Task_3\Task_3.csproj", "{6FA8E90F-C41E-4FBC-9FD8-066CC8C9AB76}"
EndProject
Project("{9A19103F-16F7-4668-BE54-9A1E7A4F7556}") = "Task_4", "Homework-3\Task_4\Task_4.csproj", "{9A54722F-AC66-4432-B208-CAEAC6D62316}"
EndProject
Project("{9A19103F-16F7-4668-BE54-9A1E7A4F7556}") = "Task_5", "Homework-3\Task_5\Task_5.csproj", "{10A203E5-9BFA-49F3-A971-5F0F21624271}"
EndProject
Project("{2150E333-8FDC-42A3-9474-1A3956D46DE8}") = "Homework-4", "Homework-4", "{493E2CF3-6815-4AE9-A443-38EEE1FB0619}"
EndProject
Project("{9A19103F-16F7-4668-BE54-9A1E7A4F7556}") = "Task_1", "Homework-4\Task_1\Task_1.csproj", "{4433B946-E01D-4D99-9E05-461D734FC1A8}"
EndProject
Project("{9A19103F-16F7-4668-BE54-9A1E7A4F7556}") = "Task_2", "Homework-4\Task_2\Task_2.csproj", "{905E0998-E50F-42E0-9489-F31EB5456080}"
EndProject
Project("{9A19103F-16F7-4668-BE54-9A1E7A4F7556}") = "Task_3", "Homework-4\Task_3\Task_3.csproj", "{20A0B100-D594-49EB-A267-9E331E65AF5C}"
EndProject
Project("{9A19103F-16F7-4668-BE54-9A1E7A4F7556}") = "Task_4", "Homework-4\Task_4\Task_4.csproj", "{2D8CDEFE-06DC-49D4-965D-45F517F2D3A6}"
EndProject
Project("{9A19103F-16F7-4668-BE54-9A1E7A4F7556}") = "Task_5", "Homework-4\Task_5\Task_5.csproj", "{E9BAB0F5-E75B-4646-BF42-649CF5EA89ED}"
EndProject
Project("{9A19103F-16F7-4668-BE54-9A1E7A4F7556}") = "Task_6", "Homework-4\Task_6\Task_6.csproj", "{FCFB4D5B-3022-48FE-A02B-799AE8A794DB}"
EndProject
Project("{9A19103F-16F7-4668-BE54-9A1E7A4F7556}") = "Task_7", "Homework-4\Task_7\Task_7.csproj", "{A95E3D12-8727-4F5B-AA2A-40DFA03A160A}"
EndProject
Project("{9A19103F-16F7-4668-BE54-9A1E7A4F7556}") = "Task_8", "Homework-4\Task_8\Task_8.csproj", "{37D4E365-E243-4017-9250-C6A04DCFBC53}"
EndProject
Project("{9A19103F-16F7-4668-BE54-9A1E7A4F7556}") = "Task_9", "Homework-4\Task_9\Task_9.csproj", "{95DE932A-D23A-4FFF-BFF4-5C5E8B14010D}"
EndProject
Project("{9A19103F-16F7-4668-BE54-9A1E7A4F7556}") = "Task_10", "Homework-4\Task_10\Task_10.csproj", "{A854ACBC-89DF-4725-9E05-BAA1E4F05AF5}"
EndProject
Project("{9A19103F-16F7-4668-BE54-9A1E7A4F7556}") = "Task_11", "Homework-4\Task_11\Task_11.csproj", "{E8F224EC-FCD5-4B68-AFD9-38EE8A86010C}"
EndProject
Project("{9A19103F-16F7-4668-BE54-9A1E7A4F7556}") = "Task_12", "Homework-4\Task_12\Task_12.csproj", "{5136E46B-1671-48E0-A35E-6EDB8958CC2A}"
EndProject
Project("{9A19103F-16F7-4668-BE54-9A1E7A4F7556}") = "Task_13", "Homework-4\Task_13\Task_13.csproj", "{BB6B47A3-BD12-4196-8906-7914248A62A7}"
EndProject
Project("{2150E333-8FDC-42A3-9474-1A3956D46DE8}") = "Homework-5", "Homework-5", "{3219A185-A90D-4022-BBF4-9C6B4AC6D4C3}"
EndProject
Project("{9A19103F-16F7-4668-BE54-9A1E7A4F7556}") = "Task_1", "Homework-5\Task_1\Task_1.csproj", "{CC2DB42B-18E1-46EA-984A-CEA1EB73798F}"
EndProject
Project("{9A19103F-16F7-4668-BE54-9A1E7A4F7556}") = "Task_2", "Homework-5\Task_2\Task_2.csproj", "{388F3572-9525-41FE-A761-762523A8C4A0}"
EndProject
Project("{9A19103F-16F7-4668-BE54-9A1E7A4F7556}") = "Task_3", "Homework-5\Task_3\Task_3.csproj", "{E34CD874-3F95-475C-8DAA-DB99EA06D18B}"
EndProject
Project("{9A19103F-16F7-4668-BE54-9A1E7A4F7556}") = "Task_5", "Homework-5\Task_5\Task_5.csproj", "{1EB0C088-29B0-4B26-BA2C-6152EC2076F8}"
EndProject
Project("{9A19103F-16F7-4668-BE54-9A1E7A4F7556}") = "Task_6", "Homework-5\Task_6\Task_6.csproj", "{493BB753-7B51-41EC-8C4B-1FC1EA2B06D2}"
EndProject
Project("{9A19103F-16F7-4668-BE54-9A1E7A4F7556}") = "Task_8", "Homework-5\Task_8\Task_8.csproj", "{525DE658-D118-4BF1-84AF-C93C45F397EC}"
EndProject
Project("{2150E333-8FDC-42A3-9474-1A3956D46DE8}") = "Homework-6", "Homework-6", "{9E46C963-FFF0-45FF-B5D6-DDB2F1F11197}"
EndProject
Project("{9A19103F-16F7-4668-BE54-9A1E7A4F7556}") = "Task_1", "Homework-6\Task_1\Task_1.csproj", "{B339E424-2F67-4878-ADDE-1BE4AF23CB1A}"
EndProject
Project("{9A19103F-16F7-4668-BE54-9A1E7A4F7556}") = "Task_2", "Homework-6\Task_2\Task_2.csproj", "{3ED39EE5-67FE-46F2-BF43-42F7864E0E81}"
EndProject
Project("{9A19103F-16F7-4668-BE54-9A1E7A4F7556}") = "Task_3", "Homework-6\Task_3\Task_3.csproj", "{A3984D5E-B15F-435E-A6EE-56D07495865B}"
EndProject
Project("{9A19103F-16F7-4668-BE54-9A1E7A4F7556}") = "Task_4", "Homework-6\Task_4\Task_4.csproj", "{939D2A85-6B71-429C-981B-50F6FE0311B7}"
EndProject
Project("{9A19103F-16F7-4668-BE54-9A1E7A4F7556}") = "Task_5", "Homework-6\Task_5\Task_5.csproj", "{3C8DD1B8-DF9F-428A-9FC2-69ED4F3FBE93}"
EndProject
Project("{9A19103F-16F7-4668-BE54-9A1E7A4F7556}") = "Task_6", "Homework-6\Task_6\Task_6.csproj", "{66E696B5-9A88-495D-8E0A-5EA215B0856E}"
EndProject
Project("{9A19103F-16F7-4668-BE54-9A1E7A4F7556}") = "Task_7", "Homework-6\Task_7\Task_7.csproj", "{6A53D77D-3554-4072-847F-B2970A22A1F2}"
EndProject
Project("{9A19103F-16F7-4668-BE54-9A1E7A4F7556}") = "Task_8", "Homework-6\Task_8\Task_8.csproj", "{BFD116D7-3C7A-4B2A-B914-9C2DDB00DEA1}"
EndProject
Project("{9A19103F-16F7-4668-BE54-9A1E7A4F7556}") = "Task_9", "Homework-6\Task_9\Task_9.csproj", "{4761A04D-A045-4799-87DC-C76E18AC8709}"
EndProject
Project("{9A19103F-16F7-4668-BE54-9A1E7A4F7556}") = "Task_10", "Homework-6\Task_10\Task_10.csproj", "{E105E34A-7285-4D89-8F0A-B9DC41D287DB}"
EndProject
Project("{2150E333-8FDC-42A3-9474-1A3956D46DE8}") = "Homework-7", "Homework-7", "{E063545C-15C3-47CA-942A-AD36FD8A1D3D}"
EndProject
Project("{9A19103F-16F7-4668-BE54-9A1E7A4F7556}") = "Task_1", "Homework-7\Task_1\Task_1.csproj", "{21FE433A-9EB6-4D88-89B9-53134E7628B5}"
EndProject
Project("{9A19103F-16F7-4668-BE54-9A1E7A4F7556}") = "Task_2", "Homework-7\Task_2\Task_2.csproj", "{D5597D35-2FB7-4472-861E-CB514589C3F6}"
EndProject
Project("{9A19103F-16F7-4668-BE54-9A1E7A4F7556}") = "Task_3", "Homework-7\Task_3\Task_3.csproj", "{FBDE80AB-55A4-43EB-A18C-F954A3D26FD6}"
EndProject
Project("{9A19103F-16F7-4668-BE54-9A1E7A4F7556}") = "Task_4", "Homework-7\Task_4\Task_4.csproj", "{E7B8AF4D-F523-4520-8C13-8E09764338B9}"
EndProject
Project("{9A19103F-16F7-4668-BE54-9A1E7A4F7556}") = "Task_5", "Homework-7\Task_5\Task_5.csproj", "{F52EF098-8DB0-4A78-90B1-CF012B462F25}"
EndProject
Project("{9A19103F-16F7-4668-BE54-9A1E7A4F7556}") = "Task_6", "Homework-7\Task_6\Task_6.csproj", "{A6FD24CB-4765-43BD-A7A8-1BC5FEDE34D7}"
EndProject
Project("{9A19103F-16F7-4668-BE54-9A1E7A4F7556}") = "Task_7", "Homework-7\Task_7\Task_7.csproj", "{0193013D-2783-4D3E-AF2E-45B4AEAD23E0}"
EndProject
Project("{9A19103F-16F7-4668-BE54-9A1E7A4F7556}") = "Task_8", "Homework-7\Task_8\Task_8.csproj", "{C670CCE6-C130-4E1C-A3AF-5226023B3DA9}"
EndProject
Project("{9A19103F-16F7-4668-BE54-9A1E7A4F7556}") = "Task_9", "Homework-7\Task_9\Task_9.csproj", "{F4A4D2E9-01F0-4C0B-AE9C-C2D7C2C1142B}"
EndProject
Project("{9A19103F-16F7-4668-BE54-9A1E7A4F7556}") = "Task_10", "Homework-7\Task_10\Task_10.csproj", "{217835BA-C583-4444-A3D8-513E34E64BA1}"
EndProject
Project("{9A19103F-16F7-4668-BE54-9A1E7A4F7556}") = "Task_11", "Homework-7\Task_11\Task_11.csproj", "{063DFDB2-28B7-46D4-872B-B6A8A78CCDB9}"
EndProject
Project("{2150E333-8FDC-42A3-9474-1A3956D46DE8}") = "Homework-9", "Homework-9", "{601AFD4F-A643-442E-8B73-1396795C104A}"
EndProject
Project("{9A19103F-16F7-4668-BE54-9A1E7A4F7556}") = "Task_1", "Homework-9\Task_1\Task_1.csproj", "{B9345A47-2005-4E2E-A209-D6719ED66A63}"
EndProject
Project("{9A19103F-16F7-4668-BE54-9A1E7A4F7556}") = "Task_2", "Homework-9\Task_2\Task_2.csproj", "{6701D25D-CCAA-4F37-B106-621B5E3F628C}"
EndProject
Project("{9A19103F-16F7-4668-BE54-9A1E7A4F7556}") = "Task_3", "Homework-9\Task_3\Task_3.csproj", "{CC4E41D7-9E2A-4302-A5FD-4627D29B26A0}"
EndProject
Project("{9A19103F-16F7-4668-BE54-9A1E7A4F7556}") = "Task_4", "Homework-9\Task_4\Task_4.csproj", "{2F47036A-3B99-4790-B959-A8D96D1F4BD2}"
EndProject
Project("{9A19103F-16F7-4668-BE54-9A1E7A4F7556}") = "Task_5", "Homework-9\Task_5\Task_5.csproj", "{7D461D1F-1694-4422-A4F9-AEFFA11B32B7}"
EndProject
Project("{9A19103F-16F7-4668-BE54-9A1E7A4F7556}") = "Task_6", "Homework-9\Task_6\Task_6.csproj", "{5244F9DB-24ED-4727-8B80-986FD76E749E}"
EndProject
Project("{9A19103F-16F7-4668-BE54-9A1E7A4F7556}") = "Task_7", "Homework-9\Task_7\Task_7.csproj", "{1EFDD506-D407-43B8-9C9C-F32D10E2890F}"
EndProject
Project("{9A19103F-16F7-4668-BE54-9A1E7A4F7556}") = "Task_8", "Homework-9\Task_8\Task_8.csproj", "{403B05F2-C561-4946-94CB-5E56F0681C9D}"
EndProject
Project("{2150E333-8FDC-42A3-9474-1A3956D46DE8}") = "Homework-8", "Homework-8", "{85A5E3DD-38AA-4E56-B2A8-940796A7B71F}"
EndProject
Project("{9A19103F-16F7-4668-BE54-9A1E7A4F7556}") = "Task_1", "Homework-8\Task_1\Task_1.csproj", "{2F152CEC-E5CF-48B7-AB3F-D60183944308}"
EndProject
Project("{9A19103F-16F7-4668-BE54-9A1E7A4F7556}") = "Task_2", "Homework-8\Task_2\Task_2.csproj", "{791BB252-829F-4913-BBC4-79F5445EA297}"
EndProject
Project("{9A19103F-16F7-4668-BE54-9A1E7A4F7556}") = "Task_3", "Homework-8\Task_3\Task_3.csproj", "{8F9447E1-76AA-4F63-87B1-B7DB9A09FCD0}"
EndProject
Project("{9A19103F-16F7-4668-BE54-9A1E7A4F7556}") = "Task_5", "Homework-8\Task_5\Task_5.csproj", "{FF1FC4C0-FFC4-4FDF-852D-0574D2F6F25B}"
EndProject
Project("{9A19103F-16F7-4668-BE54-9A1E7A4F7556}") = "Task_6", "Homework-8\Task-6\Task_6.csproj", "{757E71A8-AF88-4123-BE07-9F1E5E3B0491}"
EndProject
Project("{9A19103F-16F7-4668-BE54-9A1E7A4F7556}") = "Task_7", "Homework-8\Task_7\Task_7.csproj", "{AA1E6540-EB94-4D5C-98E9-9C7C101F2950}"
EndProject
Project("{9A19103F-16F7-4668-BE54-9A1E7A4F7556}") = "Task_8", "Homework-8\Task_8\Task_8.csproj", "{A2181491-A8B7-4593-813E-4988DF030D77}"
EndProject
Project("{9A19103F-16F7-4668-BE54-9A1E7A4F7556}") = "Task_9", "Homework-8\Task_9\Task_9.csproj", "{4D1A4B1E-2953-4E3D-8166-15C17E855FD0}"
EndProject
Project("{9A19103F-16F7-4668-BE54-9A1E7A4F7556}") = "Task_10", "Homework-8\Task_10\Task_10.csproj", "{DAC28AF7-59F0-4EE0-ACA6-FC296649B382}"
EndProject
Project("{9A19103F-16F7-4668-BE54-9A1E7A4F7556}") = "Task_11", "Homework-8\Task_11\Task_11.csproj", "{0E68D59A-285A-4A60-844E-A3B0C4B9E77F}"
EndProject
Project("{9A19103F-16F7-4668-BE54-9A1E7A4F7556}") = "Task_12", "Homework-8\Task_12\Task_12.csproj", "{4DC350C0-575A-45A1-AA45-77ACED77F29C}"
EndProject
Project("{9A19103F-16F7-4668-BE54-9A1E7A4F7556}") = "Task_13", "Homework-8\Task_13\Task_13.csproj", "{8C201979-85C0-43DF-94EB-EFA1329E51A2}"
EndProject
Project("{9A19103F-16F7-4668-BE54-9A1E7A4F7556}") = "Task_14", "Homework-8\Task_14\Task_14.csproj", "{ADA7BE01-B21B-4A54-89FB-8B8AC969DBFC}"
EndProject
Project("{9A19103F-16F7-4668-BE54-9A1E7A4F7556}") = "Task_15", "Homework-8\Task_15\Task_15.csproj", "{94AC77FE-0FE4-423B-86B2-12DCEFA6E70C}"
EndProject
Project("{9A19103F-16F7-4668-BE54-9A1E7A4F7556}") = "Task_16", "Homework-8\Task_16\Task_16.csproj", "{C9DA4C36-1378-4F47-9992-4300AAEC02CE}"
EndProject
Project("{9A19103F-16F7-4668-BE54-9A1E7A4F7556}") = "Task_17", "Homework-8\Task_17\Task_17.csproj", "{1D3C9F4D-B08D-441D-A0BF-587D97F032A2}"
EndProject
Project("{9A19103F-16F7-4668-BE54-9A1E7A4F7556}") = "Task_4", "Homework-8\Task_4\Task_4.csproj", "{7EC90F68-6677-4EFC-835E-AB271391A885}"
EndProject
Project("{9A19103F-16F7-4668-BE54-9A1E7A4F7556}") = "Task_18", "Homework-8\Task_18\Task_18.csproj", "{64E4D284-4639-46B8-9E4A-16E8B09F0E64}"
EndProject
Project("{9A19103F-16F7-4668-BE54-9A1E7A4F7556}") = "Task_19", "Homework-8\Task_19\Task_19.csproj", "{67D95A6E-16A3-4BBD-BE7E-F6E78392EFE9}"
EndProject
Project("{9A19103F-16F7-4668-BE54-9A1E7A4F7556}") = "Task_20", "Homework-8\Task_20\Task_20.csproj", "{6D71FC6E-1175-4D8B-9E35-634840F2CA96}"
EndProject
Project("{9A19103F-16F7-4668-BE54-9A1E7A4F7556}") = "Task_21", "Homework-8\Task_21\Task_21.csproj", "{656C064E-0834-43AA-A25D-609B1588D40E}"
EndProject
Project("{9A19103F-16F7-4668-BE54-9A1E7A4F7556}") = "Task_4", "Homework-5\Task_4\Task_4.csproj", "{CB0D3DCD-2161-45E3-90BE-438D4B1A232D}"
EndProject
Project("{9A19103F-16F7-4668-BE54-9A1E7A4F7556}") = "Task_7", "Homework-5\Task_7\Task_7.csproj", "{E33270B7-7F1D-4FCB-836B-DA98A8A3B999}"
EndProject
Project("{2150E333-8FDC-42A3-9474-1A3956D46DE8}") = "Homework-10", "Homework-10", "{58E7C362-EDA0-4011-8156-FFBEDEF36124}"
EndProject
Project("{9A19103F-16F7-4668-BE54-9A1E7A4F7556}") = "Task_1", "Homework-10\Task_1\Task_1.csproj", "{75D29CFA-9BB7-44C3-8879-7D018E0C38D5}"
EndProject
Project("{9A19103F-16F7-4668-BE54-9A1E7A4F7556}") = "Task_2", "Homework-10\Task_2\Task_2.csproj", "{5AE49F55-18BE-472C-8BD1-C12B954FE788}"
EndProject
Project("{9A19103F-16F7-4668-BE54-9A1E7A4F7556}") = "Task_3", "Homework-10\Task_3\Task_3.csproj", "{B565E19D-1A35-448D-AAD6-5EC3DC9359F7}"
EndProject
Project("{9A19103F-16F7-4668-BE54-9A1E7A4F7556}") = "Task_4", "Homework-10\Task_4\Task_4.csproj", "{3378BE8B-53AB-4FC1-8194-1F9375C6E37E}"
EndProject
Project("{9A19103F-16F7-4668-BE54-9A1E7A4F7556}") = "Task_5", "Homework-10\Task_5\Task_5.csproj", "{7606234B-7F22-42CA-A266-62320D7D72D9}"
EndProject
Project("{9A19103F-16F7-4668-BE54-9A1E7A4F7556}") = "Task_6", "Homework-10\Task_6\Task_6.csproj", "{8A72CBBD-1247-45F0-AC57-577B7087321D}"
EndProject
Project("{9A19103F-16F7-4668-BE54-9A1E7A4F7556}") = "Task_7", "Homework-10\Task_7\Task_7.csproj", "{51DF2431-FD1A-4C27-9FCE-CC2D7F33BCF0}"
EndProject
Project("{9A19103F-16F7-4668-BE54-9A1E7A4F7556}") = "Task_8", "Homework-10\Task_8\Task_8.csproj", "{2D6A8BD4-B9F4-4D57-8867-A1ED517314A6}"
EndProject
Project("{9A19103F-16F7-4668-BE54-9A1E7A4F7556}") = "Task_9", "Homework-10\Task_9\Task_9.csproj", "{03782054-9395-420A-8103-4FBE0E419D26}"
EndProject
Project("{9A19103F-16F7-4668-BE54-9A1E7A4F7556}") = "Task_10", "Homework-10\Task_10\Task_10.csproj", "{9B6D382B-BF7D-4A90-ADF8-260BD3D47054}"
EndProject
Project("{9A19103F-16F7-4668-BE54-9A1E7A4F7556}") = "Task_11", "Homework-10\Task_11\Task_11.csproj", "{005E592C-3882-44F2-BDC9-E552D7379AC1}"
EndProject
Project("{9A19103F-16F7-4668-BE54-9A1E7A4F7556}") = "Task_12", "Homework-10\Task_12\Task_12.csproj", "{55F05D2A-8B39-4D36-88E5-4FDD0927B463}"
EndProject
Project("{9A19103F-16F7-4668-BE54-9A1E7A4F7556}") = "Task_13", "Homework-10\Task_13\Task_13.csproj", "{B2174F06-D4D7-4329-8358-039A5F507A87}"
EndProject
Project("{9A19103F-16F7-4668-BE54-9A1E7A4F7556}") = "Task_14", "Homework-10\Task_14\Task_14.csproj", "{C9C17592-506A-4FD4-B67B-7516116F94E9}"
EndProject
Project("{2150E333-8FDC-42A3-9474-1A3956D46DE8}") = "Homework-11", "Homework-11", "{21E9E9AA-110F-43D7-8A65-A97547BCBA48}"
EndProject
Project("{9A19103F-16F7-4668-BE54-9A1E7A4F7556}") = "Task_1", "Homework-11\Task_1\Task_1.csproj", "{C060C260-711F-4BD1-AD18-F7939B193966}"
EndProject
Project("{9A19103F-16F7-4668-BE54-9A1E7A4F7556}") = "Task_2", "Homework-11\Task_2\Task_2.csproj", "{A6F003DA-5030-4544-BB6B-9F2D0F0844F6}"
EndProject
Project("{9A19103F-16F7-4668-BE54-9A1E7A4F7556}") = "Task_3", "Homework-11\Task_3\Task_3.csproj", "{1EC754C7-F198-495B-9892-0F7608FB8251}"
EndProject
Project("{9A19103F-16F7-4668-BE54-9A1E7A4F7556}") = "Task_4", "Homework-11\Task_4\Task_4.csproj", "{F2CFE59F-4866-4458-9BCB-2E7FFC75A1C7}"
EndProject
Project("{9A19103F-16F7-4668-BE54-9A1E7A4F7556}") = "Task_5", "Homework-11\Task_5\Task_5.csproj", "{B01DF2EC-B9B8-4CD2-A66E-366EA0FFE2D0}"
EndProject
Project("{9A19103F-16F7-4668-BE54-9A1E7A4F7556}") = "Task_6", "Homework-11\Task_6\Task_6.csproj", "{91EB94BA-A3F0-4A65-98AE-1394025D5403}"
EndProject
Project("{9A19103F-16F7-4668-BE54-9A1E7A4F7556}") = "Task_7", "Homework-11\Task_7\Task_7.csproj", "{F0667FFC-7E52-4880-93B7-A4F20F2B68F1}"
EndProject
Project("{9A19103F-16F7-4668-BE54-9A1E7A4F7556}") = "Task_8", "Homework-11\Task_8\Task_8.csproj", "{5F5CFA84-654A-4CBF-8C83-0B72C874BB1C}"
EndProject
Project("{9A19103F-16F7-4668-BE54-9A1E7A4F7556}") = "Task_9", "Homework-11\Task_9\Task_9.csproj", "{0FCA460D-51E3-4DB0-8DB1-80242BF61E49}"
EndProject
Project("{9A19103F-16F7-4668-BE54-9A1E7A4F7556}") = "Task_10", "Homework-11\Task_10\Task_10.csproj", "{37AC75F6-3569-45CE-BEB4-3ED8722E5DCA}"
EndProject
Project("{9A19103F-16F7-4668-BE54-9A1E7A4F7556}") = "Task_11", "Homework-11\Task_11\Task_11.csproj", "{DD4F743C-84D4-4232-BA66-31DC1D1AF858}"
EndProject
Project("{9A19103F-16F7-4668-BE54-9A1E7A4F7556}") = "Task_12", "Homework-11\Task_12\Task_12.csproj", "{BCF63ACB-89DA-437A-A15F-62A3187EE88B}"
EndProject
Project("{9A19103F-16F7-4668-BE54-9A1E7A4F7556}") = "Task_13", "Homework-11\Task_13\Task_13.csproj", "{A74937D9-34A7-4AAE-8263-D2C495BED352}"
EndProject
Project("{9A19103F-16F7-4668-BE54-9A1E7A4F7556}") = "Task_14", "Homework-11\Task_14\Task_14.csproj", "{0A8C57A5-D0D9-4F4F-B714-195BB272367B}"
EndProject
Project("{9A19103F-16F7-4668-BE54-9A1E7A4F7556}") = "Task_15", "Homework-11\Task_15\Task_15.csproj", "{ABFB0813-05E3-4AA9-B8AE-1EF0841E0C1F}"
EndProject
Project("{9A19103F-16F7-4668-BE54-9A1E7A4F7556}") = "Task_16", "Homework-11\Task_16\Task_16.csproj", "{462B39BC-DB0B-45DF-9414-FA01437CF2FD}"
EndProject
Project("{9A19103F-16F7-4668-BE54-9A1E7A4F7556}") = "Task_17", "Homework-11\Task_17\Task_17.csproj", "{6AEF1997-BA38-4F36-A843-7B22AE16A867}"
EndProject
Project("{9A19103F-16F7-4668-BE54-9A1E7A4F7556}") = "Task_18", "Homework-11\Task_18\Task_18.csproj", "{C9542C4C-0630-4178-BC26-D138E5D1B477}"
EndProject
Project("{9A19103F-16F7-4668-BE54-9A1E7A4F7556}") = "Task_19", "Homework-11\Task_19\Task_19.csproj", "{B558BC62-E71D-4895-8B3C-4A64883120D6}"
EndProject
Project("{9A19103F-16F7-4668-BE54-9A1E7A4F7556}") = "Task_20", "Homework-11\Task_20\Task_20.csproj", "{38B07AD4-56A6-4A33-A4F4-A6564CE2CC89}"
EndProject
Project("{9A19103F-16F7-4668-BE54-9A1E7A4F7556}") = "Task_21", "Homework-11\Task_21\Task_21.csproj", "{89603437-2F81-4F36-AA12-F5CB7770CDA1}"
EndProject
Project("{9A19103F-16F7-4668-BE54-9A1E7A4F7556}") = "UniversityModel", "Homework-11\UniversityModel\UniversityModel.csproj", "{023ABCBE-7220-42C8-91CE-89E55DDB90E5}"
EndProject
Project("{2150E333-8FDC-42A3-9474-1A3956D46DE8}") = "Homework-12", "Homework-12", "{84422FA0-FABE-4A98-963D-B61EF471496C}"
EndProject
Project("{9A19103F-16F7-4668-BE54-9A1E7A4F7556}") = "University", "Homework-12\University\University.csproj", "{1F9AC573-6693-43F7-A183-C898CD863252}"
EndProject
Project("{9A19103F-16F7-4668-BE54-9A1E7A4F7556}") = "Deep_Copy_Examples", "Homework-12\Deep_Copy_Examples\Deep_Copy_Examples.csproj", "{A2755B42-96CB-4DDD-9C43-6B18E894033F}"
EndProject
Project("{9A19103F-16F7-4668-BE54-9A1E7A4F7556}") = "Manually_Deep_Copy", "Homework-12\Manually_Deep_Copy\Manually_Deep_Copy.csproj", "{8C041F40-190A-4F29-AFC1-9DF3313775EA}"
EndProject
Project("{2150E333-8FDC-42A3-9474-1A3956D46DE8}") = "Homework-13", "Homework-13", "{C3748C80-FBE5-4FED-BC1D-EF72C349219D}"
EndProject
Project("{FAE04EC0-301F-11D3-BF4B-00C04F79EFBC}") = "Task_1", "Homework-13\Task_1\Task_1.csproj", "{37CA03D3-D936-4FB0-8605-EE750A26956E}"
EndProject
Project("{FAE04EC0-301F-11D3-BF4B-00C04F79EFBC}") = "Task_2", "Homework-13\Task_2\Task_2.csproj", "{2F041C9D-907F-4239-880C-1BCF6E29D228}"
EndProject
Project("{FAE04EC0-301F-11D3-BF4B-00C04F79EFBC}") = "Task_3", "Homework-13\Task_3\Task_3.csproj", "{7956A8E0-13B9-4E72-AC51-7C55B1588D8F}"
EndProject
Project("{FAE04EC0-301F-11D3-BF4B-00C04F79EFBC}") = "Task_4", "Homework-13\Task_4\Task_4.csproj", "{E0E3E0BE-4066-4859-9AA0-55D47CCCD167}"
EndProject
Project("{FAE04EC0-301F-11D3-BF4B-00C04F79EFBC}") = "Pizza_Factory", "Homework-13\Pizza_Factory\Pizza_Factory.csproj", "{3F259791-6484-43FD-BE21-35DF6759A913}"
EndProject
Global
	GlobalSection(SolutionConfigurationPlatforms) = preSolution
		Debug|Any CPU = Debug|Any CPU
		Release|Any CPU = Release|Any CPU
	EndGlobalSection
	GlobalSection(ProjectConfigurationPlatforms) = postSolution
		{615BA7DC-3C21-4159-8432-B723FA7C45AD}.Debug|Any CPU.ActiveCfg = Debug|Any CPU
		{615BA7DC-3C21-4159-8432-B723FA7C45AD}.Debug|Any CPU.Build.0 = Debug|Any CPU
		{615BA7DC-3C21-4159-8432-B723FA7C45AD}.Release|Any CPU.ActiveCfg = Release|Any CPU
		{615BA7DC-3C21-4159-8432-B723FA7C45AD}.Release|Any CPU.Build.0 = Release|Any CPU
		{21934BEC-5F5A-4496-907E-0BE47EC99CE1}.Debug|Any CPU.ActiveCfg = Debug|Any CPU
		{21934BEC-5F5A-4496-907E-0BE47EC99CE1}.Debug|Any CPU.Build.0 = Debug|Any CPU
		{21934BEC-5F5A-4496-907E-0BE47EC99CE1}.Release|Any CPU.ActiveCfg = Release|Any CPU
		{21934BEC-5F5A-4496-907E-0BE47EC99CE1}.Release|Any CPU.Build.0 = Release|Any CPU
		{D9C9CEEC-DD26-4664-A7DA-7259303AE07E}.Debug|Any CPU.ActiveCfg = Debug|Any CPU
		{D9C9CEEC-DD26-4664-A7DA-7259303AE07E}.Debug|Any CPU.Build.0 = Debug|Any CPU
		{D9C9CEEC-DD26-4664-A7DA-7259303AE07E}.Release|Any CPU.ActiveCfg = Release|Any CPU
		{D9C9CEEC-DD26-4664-A7DA-7259303AE07E}.Release|Any CPU.Build.0 = Release|Any CPU
		{37BE5CF3-3601-4DFD-9482-6285380D4663}.Debug|Any CPU.ActiveCfg = Debug|Any CPU
		{37BE5CF3-3601-4DFD-9482-6285380D4663}.Debug|Any CPU.Build.0 = Debug|Any CPU
		{37BE5CF3-3601-4DFD-9482-6285380D4663}.Release|Any CPU.ActiveCfg = Release|Any CPU
		{37BE5CF3-3601-4DFD-9482-6285380D4663}.Release|Any CPU.Build.0 = Release|Any CPU
		{95B0047B-262F-455C-B473-A3CEE0E47CA4}.Debug|Any CPU.ActiveCfg = Debug|Any CPU
		{95B0047B-262F-455C-B473-A3CEE0E47CA4}.Debug|Any CPU.Build.0 = Debug|Any CPU
		{95B0047B-262F-455C-B473-A3CEE0E47CA4}.Release|Any CPU.ActiveCfg = Release|Any CPU
		{95B0047B-262F-455C-B473-A3CEE0E47CA4}.Release|Any CPU.Build.0 = Release|Any CPU
		{7FDEFD37-2A7A-4B45-81D0-AAFBEF8EA03E}.Debug|Any CPU.ActiveCfg = Debug|Any CPU
		{7FDEFD37-2A7A-4B45-81D0-AAFBEF8EA03E}.Debug|Any CPU.Build.0 = Debug|Any CPU
		{7FDEFD37-2A7A-4B45-81D0-AAFBEF8EA03E}.Release|Any CPU.ActiveCfg = Release|Any CPU
		{7FDEFD37-2A7A-4B45-81D0-AAFBEF8EA03E}.Release|Any CPU.Build.0 = Release|Any CPU
		{5CE40D55-05AE-484E-BC29-89FD08D41008}.Debug|Any CPU.ActiveCfg = Debug|Any CPU
		{5CE40D55-05AE-484E-BC29-89FD08D41008}.Debug|Any CPU.Build.0 = Debug|Any CPU
		{5CE40D55-05AE-484E-BC29-89FD08D41008}.Release|Any CPU.ActiveCfg = Release|Any CPU
		{5CE40D55-05AE-484E-BC29-89FD08D41008}.Release|Any CPU.Build.0 = Release|Any CPU
		{33CCA9B1-B0AC-41D5-A473-BBC0395282EF}.Debug|Any CPU.ActiveCfg = Debug|Any CPU
		{33CCA9B1-B0AC-41D5-A473-BBC0395282EF}.Debug|Any CPU.Build.0 = Debug|Any CPU
		{33CCA9B1-B0AC-41D5-A473-BBC0395282EF}.Release|Any CPU.ActiveCfg = Release|Any CPU
		{33CCA9B1-B0AC-41D5-A473-BBC0395282EF}.Release|Any CPU.Build.0 = Release|Any CPU
		{33CE8FA2-241C-4F6E-BD13-2273CA005A20}.Debug|Any CPU.ActiveCfg = Debug|Any CPU
		{33CE8FA2-241C-4F6E-BD13-2273CA005A20}.Debug|Any CPU.Build.0 = Debug|Any CPU
		{33CE8FA2-241C-4F6E-BD13-2273CA005A20}.Release|Any CPU.ActiveCfg = Release|Any CPU
		{33CE8FA2-241C-4F6E-BD13-2273CA005A20}.Release|Any CPU.Build.0 = Release|Any CPU
		{2AFA4FAC-7BD0-434C-9E7A-0403D01283D1}.Debug|Any CPU.ActiveCfg = Debug|Any CPU
		{2AFA4FAC-7BD0-434C-9E7A-0403D01283D1}.Debug|Any CPU.Build.0 = Debug|Any CPU
		{2AFA4FAC-7BD0-434C-9E7A-0403D01283D1}.Release|Any CPU.ActiveCfg = Release|Any CPU
		{2AFA4FAC-7BD0-434C-9E7A-0403D01283D1}.Release|Any CPU.Build.0 = Release|Any CPU
		{6FA8E90F-C41E-4FBC-9FD8-066CC8C9AB76}.Debug|Any CPU.ActiveCfg = Debug|Any CPU
		{6FA8E90F-C41E-4FBC-9FD8-066CC8C9AB76}.Debug|Any CPU.Build.0 = Debug|Any CPU
		{6FA8E90F-C41E-4FBC-9FD8-066CC8C9AB76}.Release|Any CPU.ActiveCfg = Release|Any CPU
		{6FA8E90F-C41E-4FBC-9FD8-066CC8C9AB76}.Release|Any CPU.Build.0 = Release|Any CPU
		{9A54722F-AC66-4432-B208-CAEAC6D62316}.Debug|Any CPU.ActiveCfg = Debug|Any CPU
		{9A54722F-AC66-4432-B208-CAEAC6D62316}.Debug|Any CPU.Build.0 = Debug|Any CPU
		{9A54722F-AC66-4432-B208-CAEAC6D62316}.Release|Any CPU.ActiveCfg = Release|Any CPU
		{9A54722F-AC66-4432-B208-CAEAC6D62316}.Release|Any CPU.Build.0 = Release|Any CPU
		{10A203E5-9BFA-49F3-A971-5F0F21624271}.Debug|Any CPU.ActiveCfg = Debug|Any CPU
		{10A203E5-9BFA-49F3-A971-5F0F21624271}.Debug|Any CPU.Build.0 = Debug|Any CPU
		{10A203E5-9BFA-49F3-A971-5F0F21624271}.Release|Any CPU.ActiveCfg = Release|Any CPU
		{10A203E5-9BFA-49F3-A971-5F0F21624271}.Release|Any CPU.Build.0 = Release|Any CPU
		{4433B946-E01D-4D99-9E05-461D734FC1A8}.Debug|Any CPU.ActiveCfg = Debug|Any CPU
		{4433B946-E01D-4D99-9E05-461D734FC1A8}.Debug|Any CPU.Build.0 = Debug|Any CPU
		{4433B946-E01D-4D99-9E05-461D734FC1A8}.Release|Any CPU.ActiveCfg = Release|Any CPU
		{4433B946-E01D-4D99-9E05-461D734FC1A8}.Release|Any CPU.Build.0 = Release|Any CPU
		{905E0998-E50F-42E0-9489-F31EB5456080}.Debug|Any CPU.ActiveCfg = Debug|Any CPU
		{905E0998-E50F-42E0-9489-F31EB5456080}.Debug|Any CPU.Build.0 = Debug|Any CPU
		{905E0998-E50F-42E0-9489-F31EB5456080}.Release|Any CPU.ActiveCfg = Release|Any CPU
		{905E0998-E50F-42E0-9489-F31EB5456080}.Release|Any CPU.Build.0 = Release|Any CPU
		{20A0B100-D594-49EB-A267-9E331E65AF5C}.Debug|Any CPU.ActiveCfg = Debug|Any CPU
		{20A0B100-D594-49EB-A267-9E331E65AF5C}.Debug|Any CPU.Build.0 = Debug|Any CPU
		{20A0B100-D594-49EB-A267-9E331E65AF5C}.Release|Any CPU.ActiveCfg = Release|Any CPU
		{20A0B100-D594-49EB-A267-9E331E65AF5C}.Release|Any CPU.Build.0 = Release|Any CPU
		{2D8CDEFE-06DC-49D4-965D-45F517F2D3A6}.Debug|Any CPU.ActiveCfg = Debug|Any CPU
		{2D8CDEFE-06DC-49D4-965D-45F517F2D3A6}.Debug|Any CPU.Build.0 = Debug|Any CPU
		{2D8CDEFE-06DC-49D4-965D-45F517F2D3A6}.Release|Any CPU.ActiveCfg = Release|Any CPU
		{2D8CDEFE-06DC-49D4-965D-45F517F2D3A6}.Release|Any CPU.Build.0 = Release|Any CPU
		{E9BAB0F5-E75B-4646-BF42-649CF5EA89ED}.Debug|Any CPU.ActiveCfg = Debug|Any CPU
		{E9BAB0F5-E75B-4646-BF42-649CF5EA89ED}.Debug|Any CPU.Build.0 = Debug|Any CPU
		{E9BAB0F5-E75B-4646-BF42-649CF5EA89ED}.Release|Any CPU.ActiveCfg = Release|Any CPU
		{E9BAB0F5-E75B-4646-BF42-649CF5EA89ED}.Release|Any CPU.Build.0 = Release|Any CPU
		{FCFB4D5B-3022-48FE-A02B-799AE8A794DB}.Debug|Any CPU.ActiveCfg = Debug|Any CPU
		{FCFB4D5B-3022-48FE-A02B-799AE8A794DB}.Debug|Any CPU.Build.0 = Debug|Any CPU
		{FCFB4D5B-3022-48FE-A02B-799AE8A794DB}.Release|Any CPU.ActiveCfg = Release|Any CPU
		{FCFB4D5B-3022-48FE-A02B-799AE8A794DB}.Release|Any CPU.Build.0 = Release|Any CPU
		{A95E3D12-8727-4F5B-AA2A-40DFA03A160A}.Debug|Any CPU.ActiveCfg = Debug|Any CPU
		{A95E3D12-8727-4F5B-AA2A-40DFA03A160A}.Debug|Any CPU.Build.0 = Debug|Any CPU
		{A95E3D12-8727-4F5B-AA2A-40DFA03A160A}.Release|Any CPU.ActiveCfg = Release|Any CPU
		{A95E3D12-8727-4F5B-AA2A-40DFA03A160A}.Release|Any CPU.Build.0 = Release|Any CPU
		{37D4E365-E243-4017-9250-C6A04DCFBC53}.Debug|Any CPU.ActiveCfg = Debug|Any CPU
		{37D4E365-E243-4017-9250-C6A04DCFBC53}.Debug|Any CPU.Build.0 = Debug|Any CPU
		{37D4E365-E243-4017-9250-C6A04DCFBC53}.Release|Any CPU.ActiveCfg = Release|Any CPU
		{37D4E365-E243-4017-9250-C6A04DCFBC53}.Release|Any CPU.Build.0 = Release|Any CPU
		{95DE932A-D23A-4FFF-BFF4-5C5E8B14010D}.Debug|Any CPU.ActiveCfg = Debug|Any CPU
		{95DE932A-D23A-4FFF-BFF4-5C5E8B14010D}.Debug|Any CPU.Build.0 = Debug|Any CPU
		{95DE932A-D23A-4FFF-BFF4-5C5E8B14010D}.Release|Any CPU.ActiveCfg = Release|Any CPU
		{95DE932A-D23A-4FFF-BFF4-5C5E8B14010D}.Release|Any CPU.Build.0 = Release|Any CPU
		{A854ACBC-89DF-4725-9E05-BAA1E4F05AF5}.Debug|Any CPU.ActiveCfg = Debug|Any CPU
		{A854ACBC-89DF-4725-9E05-BAA1E4F05AF5}.Debug|Any CPU.Build.0 = Debug|Any CPU
		{A854ACBC-89DF-4725-9E05-BAA1E4F05AF5}.Release|Any CPU.ActiveCfg = Release|Any CPU
		{A854ACBC-89DF-4725-9E05-BAA1E4F05AF5}.Release|Any CPU.Build.0 = Release|Any CPU
		{E8F224EC-FCD5-4B68-AFD9-38EE8A86010C}.Debug|Any CPU.ActiveCfg = Debug|Any CPU
		{E8F224EC-FCD5-4B68-AFD9-38EE8A86010C}.Debug|Any CPU.Build.0 = Debug|Any CPU
		{E8F224EC-FCD5-4B68-AFD9-38EE8A86010C}.Release|Any CPU.ActiveCfg = Release|Any CPU
		{E8F224EC-FCD5-4B68-AFD9-38EE8A86010C}.Release|Any CPU.Build.0 = Release|Any CPU
		{5136E46B-1671-48E0-A35E-6EDB8958CC2A}.Debug|Any CPU.ActiveCfg = Debug|Any CPU
		{5136E46B-1671-48E0-A35E-6EDB8958CC2A}.Debug|Any CPU.Build.0 = Debug|Any CPU
		{5136E46B-1671-48E0-A35E-6EDB8958CC2A}.Release|Any CPU.ActiveCfg = Release|Any CPU
		{5136E46B-1671-48E0-A35E-6EDB8958CC2A}.Release|Any CPU.Build.0 = Release|Any CPU
		{BB6B47A3-BD12-4196-8906-7914248A62A7}.Debug|Any CPU.ActiveCfg = Debug|Any CPU
		{BB6B47A3-BD12-4196-8906-7914248A62A7}.Debug|Any CPU.Build.0 = Debug|Any CPU
		{BB6B47A3-BD12-4196-8906-7914248A62A7}.Release|Any CPU.ActiveCfg = Release|Any CPU
		{BB6B47A3-BD12-4196-8906-7914248A62A7}.Release|Any CPU.Build.0 = Release|Any CPU
		{CC2DB42B-18E1-46EA-984A-CEA1EB73798F}.Debug|Any CPU.ActiveCfg = Debug|Any CPU
		{CC2DB42B-18E1-46EA-984A-CEA1EB73798F}.Debug|Any CPU.Build.0 = Debug|Any CPU
		{CC2DB42B-18E1-46EA-984A-CEA1EB73798F}.Release|Any CPU.ActiveCfg = Release|Any CPU
		{CC2DB42B-18E1-46EA-984A-CEA1EB73798F}.Release|Any CPU.Build.0 = Release|Any CPU
		{388F3572-9525-41FE-A761-762523A8C4A0}.Debug|Any CPU.ActiveCfg = Debug|Any CPU
		{388F3572-9525-41FE-A761-762523A8C4A0}.Debug|Any CPU.Build.0 = Debug|Any CPU
		{388F3572-9525-41FE-A761-762523A8C4A0}.Release|Any CPU.ActiveCfg = Release|Any CPU
		{388F3572-9525-41FE-A761-762523A8C4A0}.Release|Any CPU.Build.0 = Release|Any CPU
		{E34CD874-3F95-475C-8DAA-DB99EA06D18B}.Debug|Any CPU.ActiveCfg = Debug|Any CPU
		{E34CD874-3F95-475C-8DAA-DB99EA06D18B}.Debug|Any CPU.Build.0 = Debug|Any CPU
		{E34CD874-3F95-475C-8DAA-DB99EA06D18B}.Release|Any CPU.ActiveCfg = Release|Any CPU
		{E34CD874-3F95-475C-8DAA-DB99EA06D18B}.Release|Any CPU.Build.0 = Release|Any CPU
		{1EB0C088-29B0-4B26-BA2C-6152EC2076F8}.Debug|Any CPU.ActiveCfg = Debug|Any CPU
		{1EB0C088-29B0-4B26-BA2C-6152EC2076F8}.Debug|Any CPU.Build.0 = Debug|Any CPU
		{1EB0C088-29B0-4B26-BA2C-6152EC2076F8}.Release|Any CPU.ActiveCfg = Release|Any CPU
		{1EB0C088-29B0-4B26-BA2C-6152EC2076F8}.Release|Any CPU.Build.0 = Release|Any CPU
		{493BB753-7B51-41EC-8C4B-1FC1EA2B06D2}.Debug|Any CPU.ActiveCfg = Debug|Any CPU
		{493BB753-7B51-41EC-8C4B-1FC1EA2B06D2}.Debug|Any CPU.Build.0 = Debug|Any CPU
		{493BB753-7B51-41EC-8C4B-1FC1EA2B06D2}.Release|Any CPU.ActiveCfg = Release|Any CPU
		{493BB753-7B51-41EC-8C4B-1FC1EA2B06D2}.Release|Any CPU.Build.0 = Release|Any CPU
		{525DE658-D118-4BF1-84AF-C93C45F397EC}.Debug|Any CPU.ActiveCfg = Debug|Any CPU
		{525DE658-D118-4BF1-84AF-C93C45F397EC}.Debug|Any CPU.Build.0 = Debug|Any CPU
		{525DE658-D118-4BF1-84AF-C93C45F397EC}.Release|Any CPU.ActiveCfg = Release|Any CPU
		{525DE658-D118-4BF1-84AF-C93C45F397EC}.Release|Any CPU.Build.0 = Release|Any CPU
		{B339E424-2F67-4878-ADDE-1BE4AF23CB1A}.Debug|Any CPU.ActiveCfg = Debug|Any CPU
		{B339E424-2F67-4878-ADDE-1BE4AF23CB1A}.Debug|Any CPU.Build.0 = Debug|Any CPU
		{B339E424-2F67-4878-ADDE-1BE4AF23CB1A}.Release|Any CPU.ActiveCfg = Release|Any CPU
		{B339E424-2F67-4878-ADDE-1BE4AF23CB1A}.Release|Any CPU.Build.0 = Release|Any CPU
		{3ED39EE5-67FE-46F2-BF43-42F7864E0E81}.Debug|Any CPU.ActiveCfg = Debug|Any CPU
		{3ED39EE5-67FE-46F2-BF43-42F7864E0E81}.Debug|Any CPU.Build.0 = Debug|Any CPU
		{3ED39EE5-67FE-46F2-BF43-42F7864E0E81}.Release|Any CPU.ActiveCfg = Release|Any CPU
		{3ED39EE5-67FE-46F2-BF43-42F7864E0E81}.Release|Any CPU.Build.0 = Release|Any CPU
		{A3984D5E-B15F-435E-A6EE-56D07495865B}.Debug|Any CPU.ActiveCfg = Debug|Any CPU
		{A3984D5E-B15F-435E-A6EE-56D07495865B}.Debug|Any CPU.Build.0 = Debug|Any CPU
		{A3984D5E-B15F-435E-A6EE-56D07495865B}.Release|Any CPU.ActiveCfg = Release|Any CPU
		{A3984D5E-B15F-435E-A6EE-56D07495865B}.Release|Any CPU.Build.0 = Release|Any CPU
		{939D2A85-6B71-429C-981B-50F6FE0311B7}.Debug|Any CPU.ActiveCfg = Debug|Any CPU
		{939D2A85-6B71-429C-981B-50F6FE0311B7}.Debug|Any CPU.Build.0 = Debug|Any CPU
		{939D2A85-6B71-429C-981B-50F6FE0311B7}.Release|Any CPU.ActiveCfg = Release|Any CPU
		{939D2A85-6B71-429C-981B-50F6FE0311B7}.Release|Any CPU.Build.0 = Release|Any CPU
		{3C8DD1B8-DF9F-428A-9FC2-69ED4F3FBE93}.Debug|Any CPU.ActiveCfg = Debug|Any CPU
		{3C8DD1B8-DF9F-428A-9FC2-69ED4F3FBE93}.Debug|Any CPU.Build.0 = Debug|Any CPU
		{3C8DD1B8-DF9F-428A-9FC2-69ED4F3FBE93}.Release|Any CPU.ActiveCfg = Release|Any CPU
		{3C8DD1B8-DF9F-428A-9FC2-69ED4F3FBE93}.Release|Any CPU.Build.0 = Release|Any CPU
		{66E696B5-9A88-495D-8E0A-5EA215B0856E}.Debug|Any CPU.ActiveCfg = Debug|Any CPU
		{66E696B5-9A88-495D-8E0A-5EA215B0856E}.Debug|Any CPU.Build.0 = Debug|Any CPU
		{66E696B5-9A88-495D-8E0A-5EA215B0856E}.Release|Any CPU.ActiveCfg = Release|Any CPU
		{66E696B5-9A88-495D-8E0A-5EA215B0856E}.Release|Any CPU.Build.0 = Release|Any CPU
		{6A53D77D-3554-4072-847F-B2970A22A1F2}.Debug|Any CPU.ActiveCfg = Debug|Any CPU
		{6A53D77D-3554-4072-847F-B2970A22A1F2}.Debug|Any CPU.Build.0 = Debug|Any CPU
		{6A53D77D-3554-4072-847F-B2970A22A1F2}.Release|Any CPU.ActiveCfg = Release|Any CPU
		{6A53D77D-3554-4072-847F-B2970A22A1F2}.Release|Any CPU.Build.0 = Release|Any CPU
		{BFD116D7-3C7A-4B2A-B914-9C2DDB00DEA1}.Debug|Any CPU.ActiveCfg = Debug|Any CPU
		{BFD116D7-3C7A-4B2A-B914-9C2DDB00DEA1}.Debug|Any CPU.Build.0 = Debug|Any CPU
		{BFD116D7-3C7A-4B2A-B914-9C2DDB00DEA1}.Release|Any CPU.ActiveCfg = Release|Any CPU
		{BFD116D7-3C7A-4B2A-B914-9C2DDB00DEA1}.Release|Any CPU.Build.0 = Release|Any CPU
		{4761A04D-A045-4799-87DC-C76E18AC8709}.Debug|Any CPU.ActiveCfg = Debug|Any CPU
		{4761A04D-A045-4799-87DC-C76E18AC8709}.Debug|Any CPU.Build.0 = Debug|Any CPU
		{4761A04D-A045-4799-87DC-C76E18AC8709}.Release|Any CPU.ActiveCfg = Release|Any CPU
		{4761A04D-A045-4799-87DC-C76E18AC8709}.Release|Any CPU.Build.0 = Release|Any CPU
		{E105E34A-7285-4D89-8F0A-B9DC41D287DB}.Debug|Any CPU.ActiveCfg = Debug|Any CPU
		{E105E34A-7285-4D89-8F0A-B9DC41D287DB}.Debug|Any CPU.Build.0 = Debug|Any CPU
		{E105E34A-7285-4D89-8F0A-B9DC41D287DB}.Release|Any CPU.ActiveCfg = Release|Any CPU
		{E105E34A-7285-4D89-8F0A-B9DC41D287DB}.Release|Any CPU.Build.0 = Release|Any CPU
		{21FE433A-9EB6-4D88-89B9-53134E7628B5}.Debug|Any CPU.ActiveCfg = Debug|Any CPU
		{21FE433A-9EB6-4D88-89B9-53134E7628B5}.Debug|Any CPU.Build.0 = Debug|Any CPU
		{21FE433A-9EB6-4D88-89B9-53134E7628B5}.Release|Any CPU.ActiveCfg = Release|Any CPU
		{21FE433A-9EB6-4D88-89B9-53134E7628B5}.Release|Any CPU.Build.0 = Release|Any CPU
		{D5597D35-2FB7-4472-861E-CB514589C3F6}.Debug|Any CPU.ActiveCfg = Debug|Any CPU
		{D5597D35-2FB7-4472-861E-CB514589C3F6}.Debug|Any CPU.Build.0 = Debug|Any CPU
		{D5597D35-2FB7-4472-861E-CB514589C3F6}.Release|Any CPU.ActiveCfg = Release|Any CPU
		{D5597D35-2FB7-4472-861E-CB514589C3F6}.Release|Any CPU.Build.0 = Release|Any CPU
		{FBDE80AB-55A4-43EB-A18C-F954A3D26FD6}.Debug|Any CPU.ActiveCfg = Debug|Any CPU
		{FBDE80AB-55A4-43EB-A18C-F954A3D26FD6}.Debug|Any CPU.Build.0 = Debug|Any CPU
		{FBDE80AB-55A4-43EB-A18C-F954A3D26FD6}.Release|Any CPU.ActiveCfg = Release|Any CPU
		{FBDE80AB-55A4-43EB-A18C-F954A3D26FD6}.Release|Any CPU.Build.0 = Release|Any CPU
		{E7B8AF4D-F523-4520-8C13-8E09764338B9}.Debug|Any CPU.ActiveCfg = Debug|Any CPU
		{E7B8AF4D-F523-4520-8C13-8E09764338B9}.Debug|Any CPU.Build.0 = Debug|Any CPU
		{E7B8AF4D-F523-4520-8C13-8E09764338B9}.Release|Any CPU.ActiveCfg = Release|Any CPU
		{E7B8AF4D-F523-4520-8C13-8E09764338B9}.Release|Any CPU.Build.0 = Release|Any CPU
		{F52EF098-8DB0-4A78-90B1-CF012B462F25}.Debug|Any CPU.ActiveCfg = Debug|Any CPU
		{F52EF098-8DB0-4A78-90B1-CF012B462F25}.Debug|Any CPU.Build.0 = Debug|Any CPU
		{F52EF098-8DB0-4A78-90B1-CF012B462F25}.Release|Any CPU.ActiveCfg = Release|Any CPU
		{F52EF098-8DB0-4A78-90B1-CF012B462F25}.Release|Any CPU.Build.0 = Release|Any CPU
		{A6FD24CB-4765-43BD-A7A8-1BC5FEDE34D7}.Debug|Any CPU.ActiveCfg = Debug|Any CPU
		{A6FD24CB-4765-43BD-A7A8-1BC5FEDE34D7}.Debug|Any CPU.Build.0 = Debug|Any CPU
		{A6FD24CB-4765-43BD-A7A8-1BC5FEDE34D7}.Release|Any CPU.ActiveCfg = Release|Any CPU
		{A6FD24CB-4765-43BD-A7A8-1BC5FEDE34D7}.Release|Any CPU.Build.0 = Release|Any CPU
		{0193013D-2783-4D3E-AF2E-45B4AEAD23E0}.Debug|Any CPU.ActiveCfg = Debug|Any CPU
		{0193013D-2783-4D3E-AF2E-45B4AEAD23E0}.Debug|Any CPU.Build.0 = Debug|Any CPU
		{0193013D-2783-4D3E-AF2E-45B4AEAD23E0}.Release|Any CPU.ActiveCfg = Release|Any CPU
		{0193013D-2783-4D3E-AF2E-45B4AEAD23E0}.Release|Any CPU.Build.0 = Release|Any CPU
		{C670CCE6-C130-4E1C-A3AF-5226023B3DA9}.Debug|Any CPU.ActiveCfg = Debug|Any CPU
		{C670CCE6-C130-4E1C-A3AF-5226023B3DA9}.Debug|Any CPU.Build.0 = Debug|Any CPU
		{C670CCE6-C130-4E1C-A3AF-5226023B3DA9}.Release|Any CPU.ActiveCfg = Release|Any CPU
		{C670CCE6-C130-4E1C-A3AF-5226023B3DA9}.Release|Any CPU.Build.0 = Release|Any CPU
		{F4A4D2E9-01F0-4C0B-AE9C-C2D7C2C1142B}.Debug|Any CPU.ActiveCfg = Debug|Any CPU
		{F4A4D2E9-01F0-4C0B-AE9C-C2D7C2C1142B}.Debug|Any CPU.Build.0 = Debug|Any CPU
		{F4A4D2E9-01F0-4C0B-AE9C-C2D7C2C1142B}.Release|Any CPU.ActiveCfg = Release|Any CPU
		{F4A4D2E9-01F0-4C0B-AE9C-C2D7C2C1142B}.Release|Any CPU.Build.0 = Release|Any CPU
		{217835BA-C583-4444-A3D8-513E34E64BA1}.Debug|Any CPU.ActiveCfg = Debug|Any CPU
		{217835BA-C583-4444-A3D8-513E34E64BA1}.Debug|Any CPU.Build.0 = Debug|Any CPU
		{217835BA-C583-4444-A3D8-513E34E64BA1}.Release|Any CPU.ActiveCfg = Release|Any CPU
		{217835BA-C583-4444-A3D8-513E34E64BA1}.Release|Any CPU.Build.0 = Release|Any CPU
		{063DFDB2-28B7-46D4-872B-B6A8A78CCDB9}.Debug|Any CPU.ActiveCfg = Debug|Any CPU
		{063DFDB2-28B7-46D4-872B-B6A8A78CCDB9}.Debug|Any CPU.Build.0 = Debug|Any CPU
		{063DFDB2-28B7-46D4-872B-B6A8A78CCDB9}.Release|Any CPU.ActiveCfg = Release|Any CPU
		{063DFDB2-28B7-46D4-872B-B6A8A78CCDB9}.Release|Any CPU.Build.0 = Release|Any CPU
		{B9345A47-2005-4E2E-A209-D6719ED66A63}.Debug|Any CPU.ActiveCfg = Debug|Any CPU
		{B9345A47-2005-4E2E-A209-D6719ED66A63}.Debug|Any CPU.Build.0 = Debug|Any CPU
		{B9345A47-2005-4E2E-A209-D6719ED66A63}.Release|Any CPU.ActiveCfg = Release|Any CPU
		{B9345A47-2005-4E2E-A209-D6719ED66A63}.Release|Any CPU.Build.0 = Release|Any CPU
		{6701D25D-CCAA-4F37-B106-621B5E3F628C}.Debug|Any CPU.ActiveCfg = Debug|Any CPU
		{6701D25D-CCAA-4F37-B106-621B5E3F628C}.Debug|Any CPU.Build.0 = Debug|Any CPU
		{6701D25D-CCAA-4F37-B106-621B5E3F628C}.Release|Any CPU.ActiveCfg = Release|Any CPU
		{6701D25D-CCAA-4F37-B106-621B5E3F628C}.Release|Any CPU.Build.0 = Release|Any CPU
		{CC4E41D7-9E2A-4302-A5FD-4627D29B26A0}.Debug|Any CPU.ActiveCfg = Debug|Any CPU
		{CC4E41D7-9E2A-4302-A5FD-4627D29B26A0}.Debug|Any CPU.Build.0 = Debug|Any CPU
		{CC4E41D7-9E2A-4302-A5FD-4627D29B26A0}.Release|Any CPU.ActiveCfg = Release|Any CPU
		{CC4E41D7-9E2A-4302-A5FD-4627D29B26A0}.Release|Any CPU.Build.0 = Release|Any CPU
		{2F47036A-3B99-4790-B959-A8D96D1F4BD2}.Debug|Any CPU.ActiveCfg = Debug|Any CPU
		{2F47036A-3B99-4790-B959-A8D96D1F4BD2}.Debug|Any CPU.Build.0 = Debug|Any CPU
		{2F47036A-3B99-4790-B959-A8D96D1F4BD2}.Release|Any CPU.ActiveCfg = Release|Any CPU
		{2F47036A-3B99-4790-B959-A8D96D1F4BD2}.Release|Any CPU.Build.0 = Release|Any CPU
		{7D461D1F-1694-4422-A4F9-AEFFA11B32B7}.Debug|Any CPU.ActiveCfg = Debug|Any CPU
		{7D461D1F-1694-4422-A4F9-AEFFA11B32B7}.Debug|Any CPU.Build.0 = Debug|Any CPU
		{7D461D1F-1694-4422-A4F9-AEFFA11B32B7}.Release|Any CPU.ActiveCfg = Release|Any CPU
		{7D461D1F-1694-4422-A4F9-AEFFA11B32B7}.Release|Any CPU.Build.0 = Release|Any CPU
		{5244F9DB-24ED-4727-8B80-986FD76E749E}.Debug|Any CPU.ActiveCfg = Debug|Any CPU
		{5244F9DB-24ED-4727-8B80-986FD76E749E}.Debug|Any CPU.Build.0 = Debug|Any CPU
		{5244F9DB-24ED-4727-8B80-986FD76E749E}.Release|Any CPU.ActiveCfg = Release|Any CPU
		{5244F9DB-24ED-4727-8B80-986FD76E749E}.Release|Any CPU.Build.0 = Release|Any CPU
		{1EFDD506-D407-43B8-9C9C-F32D10E2890F}.Debug|Any CPU.ActiveCfg = Debug|Any CPU
		{1EFDD506-D407-43B8-9C9C-F32D10E2890F}.Debug|Any CPU.Build.0 = Debug|Any CPU
		{1EFDD506-D407-43B8-9C9C-F32D10E2890F}.Release|Any CPU.ActiveCfg = Release|Any CPU
		{1EFDD506-D407-43B8-9C9C-F32D10E2890F}.Release|Any CPU.Build.0 = Release|Any CPU
		{403B05F2-C561-4946-94CB-5E56F0681C9D}.Debug|Any CPU.ActiveCfg = Debug|Any CPU
		{403B05F2-C561-4946-94CB-5E56F0681C9D}.Debug|Any CPU.Build.0 = Debug|Any CPU
		{403B05F2-C561-4946-94CB-5E56F0681C9D}.Release|Any CPU.ActiveCfg = Release|Any CPU
		{403B05F2-C561-4946-94CB-5E56F0681C9D}.Release|Any CPU.Build.0 = Release|Any CPU
		{2F152CEC-E5CF-48B7-AB3F-D60183944308}.Debug|Any CPU.ActiveCfg = Debug|Any CPU
		{2F152CEC-E5CF-48B7-AB3F-D60183944308}.Debug|Any CPU.Build.0 = Debug|Any CPU
		{2F152CEC-E5CF-48B7-AB3F-D60183944308}.Release|Any CPU.ActiveCfg = Release|Any CPU
		{2F152CEC-E5CF-48B7-AB3F-D60183944308}.Release|Any CPU.Build.0 = Release|Any CPU
		{791BB252-829F-4913-BBC4-79F5445EA297}.Debug|Any CPU.ActiveCfg = Debug|Any CPU
		{791BB252-829F-4913-BBC4-79F5445EA297}.Debug|Any CPU.Build.0 = Debug|Any CPU
		{791BB252-829F-4913-BBC4-79F5445EA297}.Release|Any CPU.ActiveCfg = Release|Any CPU
		{791BB252-829F-4913-BBC4-79F5445EA297}.Release|Any CPU.Build.0 = Release|Any CPU
		{8F9447E1-76AA-4F63-87B1-B7DB9A09FCD0}.Debug|Any CPU.ActiveCfg = Debug|Any CPU
		{8F9447E1-76AA-4F63-87B1-B7DB9A09FCD0}.Debug|Any CPU.Build.0 = Debug|Any CPU
		{8F9447E1-76AA-4F63-87B1-B7DB9A09FCD0}.Release|Any CPU.ActiveCfg = Release|Any CPU
		{8F9447E1-76AA-4F63-87B1-B7DB9A09FCD0}.Release|Any CPU.Build.0 = Release|Any CPU
		{FF1FC4C0-FFC4-4FDF-852D-0574D2F6F25B}.Debug|Any CPU.ActiveCfg = Debug|Any CPU
		{FF1FC4C0-FFC4-4FDF-852D-0574D2F6F25B}.Debug|Any CPU.Build.0 = Debug|Any CPU
		{FF1FC4C0-FFC4-4FDF-852D-0574D2F6F25B}.Release|Any CPU.ActiveCfg = Release|Any CPU
		{FF1FC4C0-FFC4-4FDF-852D-0574D2F6F25B}.Release|Any CPU.Build.0 = Release|Any CPU
		{757E71A8-AF88-4123-BE07-9F1E5E3B0491}.Debug|Any CPU.ActiveCfg = Debug|Any CPU
		{757E71A8-AF88-4123-BE07-9F1E5E3B0491}.Debug|Any CPU.Build.0 = Debug|Any CPU
		{757E71A8-AF88-4123-BE07-9F1E5E3B0491}.Release|Any CPU.ActiveCfg = Release|Any CPU
		{757E71A8-AF88-4123-BE07-9F1E5E3B0491}.Release|Any CPU.Build.0 = Release|Any CPU
		{AA1E6540-EB94-4D5C-98E9-9C7C101F2950}.Debug|Any CPU.ActiveCfg = Debug|Any CPU
		{AA1E6540-EB94-4D5C-98E9-9C7C101F2950}.Debug|Any CPU.Build.0 = Debug|Any CPU
		{AA1E6540-EB94-4D5C-98E9-9C7C101F2950}.Release|Any CPU.ActiveCfg = Release|Any CPU
		{AA1E6540-EB94-4D5C-98E9-9C7C101F2950}.Release|Any CPU.Build.0 = Release|Any CPU
		{A2181491-A8B7-4593-813E-4988DF030D77}.Debug|Any CPU.ActiveCfg = Debug|Any CPU
		{A2181491-A8B7-4593-813E-4988DF030D77}.Debug|Any CPU.Build.0 = Debug|Any CPU
		{A2181491-A8B7-4593-813E-4988DF030D77}.Release|Any CPU.ActiveCfg = Release|Any CPU
		{A2181491-A8B7-4593-813E-4988DF030D77}.Release|Any CPU.Build.0 = Release|Any CPU
		{4D1A4B1E-2953-4E3D-8166-15C17E855FD0}.Debug|Any CPU.ActiveCfg = Debug|Any CPU
		{4D1A4B1E-2953-4E3D-8166-15C17E855FD0}.Debug|Any CPU.Build.0 = Debug|Any CPU
		{4D1A4B1E-2953-4E3D-8166-15C17E855FD0}.Release|Any CPU.ActiveCfg = Release|Any CPU
		{4D1A4B1E-2953-4E3D-8166-15C17E855FD0}.Release|Any CPU.Build.0 = Release|Any CPU
		{DAC28AF7-59F0-4EE0-ACA6-FC296649B382}.Debug|Any CPU.ActiveCfg = Debug|Any CPU
		{DAC28AF7-59F0-4EE0-ACA6-FC296649B382}.Debug|Any CPU.Build.0 = Debug|Any CPU
		{DAC28AF7-59F0-4EE0-ACA6-FC296649B382}.Release|Any CPU.ActiveCfg = Release|Any CPU
		{DAC28AF7-59F0-4EE0-ACA6-FC296649B382}.Release|Any CPU.Build.0 = Release|Any CPU
		{0E68D59A-285A-4A60-844E-A3B0C4B9E77F}.Debug|Any CPU.ActiveCfg = Debug|Any CPU
		{0E68D59A-285A-4A60-844E-A3B0C4B9E77F}.Debug|Any CPU.Build.0 = Debug|Any CPU
		{0E68D59A-285A-4A60-844E-A3B0C4B9E77F}.Release|Any CPU.ActiveCfg = Release|Any CPU
		{0E68D59A-285A-4A60-844E-A3B0C4B9E77F}.Release|Any CPU.Build.0 = Release|Any CPU
		{4DC350C0-575A-45A1-AA45-77ACED77F29C}.Debug|Any CPU.ActiveCfg = Debug|Any CPU
		{4DC350C0-575A-45A1-AA45-77ACED77F29C}.Debug|Any CPU.Build.0 = Debug|Any CPU
		{4DC350C0-575A-45A1-AA45-77ACED77F29C}.Release|Any CPU.ActiveCfg = Release|Any CPU
		{4DC350C0-575A-45A1-AA45-77ACED77F29C}.Release|Any CPU.Build.0 = Release|Any CPU
		{8C201979-85C0-43DF-94EB-EFA1329E51A2}.Debug|Any CPU.ActiveCfg = Debug|Any CPU
		{8C201979-85C0-43DF-94EB-EFA1329E51A2}.Debug|Any CPU.Build.0 = Debug|Any CPU
		{8C201979-85C0-43DF-94EB-EFA1329E51A2}.Release|Any CPU.ActiveCfg = Release|Any CPU
		{8C201979-85C0-43DF-94EB-EFA1329E51A2}.Release|Any CPU.Build.0 = Release|Any CPU
		{ADA7BE01-B21B-4A54-89FB-8B8AC969DBFC}.Debug|Any CPU.ActiveCfg = Debug|Any CPU
		{ADA7BE01-B21B-4A54-89FB-8B8AC969DBFC}.Debug|Any CPU.Build.0 = Debug|Any CPU
		{ADA7BE01-B21B-4A54-89FB-8B8AC969DBFC}.Release|Any CPU.ActiveCfg = Release|Any CPU
		{ADA7BE01-B21B-4A54-89FB-8B8AC969DBFC}.Release|Any CPU.Build.0 = Release|Any CPU
		{94AC77FE-0FE4-423B-86B2-12DCEFA6E70C}.Debug|Any CPU.ActiveCfg = Debug|Any CPU
		{94AC77FE-0FE4-423B-86B2-12DCEFA6E70C}.Debug|Any CPU.Build.0 = Debug|Any CPU
		{94AC77FE-0FE4-423B-86B2-12DCEFA6E70C}.Release|Any CPU.ActiveCfg = Release|Any CPU
		{94AC77FE-0FE4-423B-86B2-12DCEFA6E70C}.Release|Any CPU.Build.0 = Release|Any CPU
		{C9DA4C36-1378-4F47-9992-4300AAEC02CE}.Debug|Any CPU.ActiveCfg = Debug|Any CPU
		{C9DA4C36-1378-4F47-9992-4300AAEC02CE}.Debug|Any CPU.Build.0 = Debug|Any CPU
		{C9DA4C36-1378-4F47-9992-4300AAEC02CE}.Release|Any CPU.ActiveCfg = Release|Any CPU
		{C9DA4C36-1378-4F47-9992-4300AAEC02CE}.Release|Any CPU.Build.0 = Release|Any CPU
		{1D3C9F4D-B08D-441D-A0BF-587D97F032A2}.Debug|Any CPU.ActiveCfg = Debug|Any CPU
		{1D3C9F4D-B08D-441D-A0BF-587D97F032A2}.Debug|Any CPU.Build.0 = Debug|Any CPU
		{1D3C9F4D-B08D-441D-A0BF-587D97F032A2}.Release|Any CPU.ActiveCfg = Release|Any CPU
		{1D3C9F4D-B08D-441D-A0BF-587D97F032A2}.Release|Any CPU.Build.0 = Release|Any CPU
		{7EC90F68-6677-4EFC-835E-AB271391A885}.Debug|Any CPU.ActiveCfg = Debug|Any CPU
		{7EC90F68-6677-4EFC-835E-AB271391A885}.Debug|Any CPU.Build.0 = Debug|Any CPU
		{7EC90F68-6677-4EFC-835E-AB271391A885}.Release|Any CPU.ActiveCfg = Release|Any CPU
		{7EC90F68-6677-4EFC-835E-AB271391A885}.Release|Any CPU.Build.0 = Release|Any CPU
		{64E4D284-4639-46B8-9E4A-16E8B09F0E64}.Debug|Any CPU.ActiveCfg = Debug|Any CPU
		{64E4D284-4639-46B8-9E4A-16E8B09F0E64}.Debug|Any CPU.Build.0 = Debug|Any CPU
		{64E4D284-4639-46B8-9E4A-16E8B09F0E64}.Release|Any CPU.ActiveCfg = Release|Any CPU
		{64E4D284-4639-46B8-9E4A-16E8B09F0E64}.Release|Any CPU.Build.0 = Release|Any CPU
		{67D95A6E-16A3-4BBD-BE7E-F6E78392EFE9}.Debug|Any CPU.ActiveCfg = Debug|Any CPU
		{67D95A6E-16A3-4BBD-BE7E-F6E78392EFE9}.Debug|Any CPU.Build.0 = Debug|Any CPU
		{67D95A6E-16A3-4BBD-BE7E-F6E78392EFE9}.Release|Any CPU.ActiveCfg = Release|Any CPU
		{67D95A6E-16A3-4BBD-BE7E-F6E78392EFE9}.Release|Any CPU.Build.0 = Release|Any CPU
		{6D71FC6E-1175-4D8B-9E35-634840F2CA96}.Debug|Any CPU.ActiveCfg = Debug|Any CPU
		{6D71FC6E-1175-4D8B-9E35-634840F2CA96}.Debug|Any CPU.Build.0 = Debug|Any CPU
		{6D71FC6E-1175-4D8B-9E35-634840F2CA96}.Release|Any CPU.ActiveCfg = Release|Any CPU
		{6D71FC6E-1175-4D8B-9E35-634840F2CA96}.Release|Any CPU.Build.0 = Release|Any CPU
		{656C064E-0834-43AA-A25D-609B1588D40E}.Debug|Any CPU.ActiveCfg = Debug|Any CPU
		{656C064E-0834-43AA-A25D-609B1588D40E}.Debug|Any CPU.Build.0 = Debug|Any CPU
		{656C064E-0834-43AA-A25D-609B1588D40E}.Release|Any CPU.ActiveCfg = Release|Any CPU
		{656C064E-0834-43AA-A25D-609B1588D40E}.Release|Any CPU.Build.0 = Release|Any CPU
		{CB0D3DCD-2161-45E3-90BE-438D4B1A232D}.Debug|Any CPU.ActiveCfg = Debug|Any CPU
		{CB0D3DCD-2161-45E3-90BE-438D4B1A232D}.Debug|Any CPU.Build.0 = Debug|Any CPU
		{CB0D3DCD-2161-45E3-90BE-438D4B1A232D}.Release|Any CPU.ActiveCfg = Release|Any CPU
		{CB0D3DCD-2161-45E3-90BE-438D4B1A232D}.Release|Any CPU.Build.0 = Release|Any CPU
		{E33270B7-7F1D-4FCB-836B-DA98A8A3B999}.Debug|Any CPU.ActiveCfg = Debug|Any CPU
		{E33270B7-7F1D-4FCB-836B-DA98A8A3B999}.Debug|Any CPU.Build.0 = Debug|Any CPU
		{E33270B7-7F1D-4FCB-836B-DA98A8A3B999}.Release|Any CPU.ActiveCfg = Release|Any CPU
		{E33270B7-7F1D-4FCB-836B-DA98A8A3B999}.Release|Any CPU.Build.0 = Release|Any CPU
		{75D29CFA-9BB7-44C3-8879-7D018E0C38D5}.Debug|Any CPU.ActiveCfg = Debug|Any CPU
		{75D29CFA-9BB7-44C3-8879-7D018E0C38D5}.Debug|Any CPU.Build.0 = Debug|Any CPU
		{75D29CFA-9BB7-44C3-8879-7D018E0C38D5}.Release|Any CPU.ActiveCfg = Release|Any CPU
		{75D29CFA-9BB7-44C3-8879-7D018E0C38D5}.Release|Any CPU.Build.0 = Release|Any CPU
		{5AE49F55-18BE-472C-8BD1-C12B954FE788}.Debug|Any CPU.ActiveCfg = Debug|Any CPU
		{5AE49F55-18BE-472C-8BD1-C12B954FE788}.Debug|Any CPU.Build.0 = Debug|Any CPU
		{5AE49F55-18BE-472C-8BD1-C12B954FE788}.Release|Any CPU.ActiveCfg = Release|Any CPU
		{5AE49F55-18BE-472C-8BD1-C12B954FE788}.Release|Any CPU.Build.0 = Release|Any CPU
		{B565E19D-1A35-448D-AAD6-5EC3DC9359F7}.Debug|Any CPU.ActiveCfg = Debug|Any CPU
		{B565E19D-1A35-448D-AAD6-5EC3DC9359F7}.Debug|Any CPU.Build.0 = Debug|Any CPU
		{B565E19D-1A35-448D-AAD6-5EC3DC9359F7}.Release|Any CPU.ActiveCfg = Release|Any CPU
		{B565E19D-1A35-448D-AAD6-5EC3DC9359F7}.Release|Any CPU.Build.0 = Release|Any CPU
		{3378BE8B-53AB-4FC1-8194-1F9375C6E37E}.Debug|Any CPU.ActiveCfg = Debug|Any CPU
		{3378BE8B-53AB-4FC1-8194-1F9375C6E37E}.Debug|Any CPU.Build.0 = Debug|Any CPU
		{3378BE8B-53AB-4FC1-8194-1F9375C6E37E}.Release|Any CPU.ActiveCfg = Release|Any CPU
		{3378BE8B-53AB-4FC1-8194-1F9375C6E37E}.Release|Any CPU.Build.0 = Release|Any CPU
		{7606234B-7F22-42CA-A266-62320D7D72D9}.Debug|Any CPU.ActiveCfg = Debug|Any CPU
		{7606234B-7F22-42CA-A266-62320D7D72D9}.Debug|Any CPU.Build.0 = Debug|Any CPU
		{7606234B-7F22-42CA-A266-62320D7D72D9}.Release|Any CPU.ActiveCfg = Release|Any CPU
		{7606234B-7F22-42CA-A266-62320D7D72D9}.Release|Any CPU.Build.0 = Release|Any CPU
		{8A72CBBD-1247-45F0-AC57-577B7087321D}.Debug|Any CPU.ActiveCfg = Debug|Any CPU
		{8A72CBBD-1247-45F0-AC57-577B7087321D}.Debug|Any CPU.Build.0 = Debug|Any CPU
		{8A72CBBD-1247-45F0-AC57-577B7087321D}.Release|Any CPU.ActiveCfg = Release|Any CPU
		{8A72CBBD-1247-45F0-AC57-577B7087321D}.Release|Any CPU.Build.0 = Release|Any CPU
		{51DF2431-FD1A-4C27-9FCE-CC2D7F33BCF0}.Debug|Any CPU.ActiveCfg = Debug|Any CPU
		{51DF2431-FD1A-4C27-9FCE-CC2D7F33BCF0}.Debug|Any CPU.Build.0 = Debug|Any CPU
		{51DF2431-FD1A-4C27-9FCE-CC2D7F33BCF0}.Release|Any CPU.ActiveCfg = Release|Any CPU
		{51DF2431-FD1A-4C27-9FCE-CC2D7F33BCF0}.Release|Any CPU.Build.0 = Release|Any CPU
		{2D6A8BD4-B9F4-4D57-8867-A1ED517314A6}.Debug|Any CPU.ActiveCfg = Debug|Any CPU
		{2D6A8BD4-B9F4-4D57-8867-A1ED517314A6}.Debug|Any CPU.Build.0 = Debug|Any CPU
		{2D6A8BD4-B9F4-4D57-8867-A1ED517314A6}.Release|Any CPU.ActiveCfg = Release|Any CPU
		{2D6A8BD4-B9F4-4D57-8867-A1ED517314A6}.Release|Any CPU.Build.0 = Release|Any CPU
		{03782054-9395-420A-8103-4FBE0E419D26}.Debug|Any CPU.ActiveCfg = Debug|Any CPU
		{03782054-9395-420A-8103-4FBE0E419D26}.Debug|Any CPU.Build.0 = Debug|Any CPU
		{03782054-9395-420A-8103-4FBE0E419D26}.Release|Any CPU.ActiveCfg = Release|Any CPU
		{03782054-9395-420A-8103-4FBE0E419D26}.Release|Any CPU.Build.0 = Release|Any CPU
		{9B6D382B-BF7D-4A90-ADF8-260BD3D47054}.Debug|Any CPU.ActiveCfg = Debug|Any CPU
		{9B6D382B-BF7D-4A90-ADF8-260BD3D47054}.Debug|Any CPU.Build.0 = Debug|Any CPU
		{9B6D382B-BF7D-4A90-ADF8-260BD3D47054}.Release|Any CPU.ActiveCfg = Release|Any CPU
		{9B6D382B-BF7D-4A90-ADF8-260BD3D47054}.Release|Any CPU.Build.0 = Release|Any CPU
		{005E592C-3882-44F2-BDC9-E552D7379AC1}.Debug|Any CPU.ActiveCfg = Debug|Any CPU
		{005E592C-3882-44F2-BDC9-E552D7379AC1}.Debug|Any CPU.Build.0 = Debug|Any CPU
		{005E592C-3882-44F2-BDC9-E552D7379AC1}.Release|Any CPU.ActiveCfg = Release|Any CPU
		{005E592C-3882-44F2-BDC9-E552D7379AC1}.Release|Any CPU.Build.0 = Release|Any CPU
		{55F05D2A-8B39-4D36-88E5-4FDD0927B463}.Debug|Any CPU.ActiveCfg = Debug|Any CPU
		{55F05D2A-8B39-4D36-88E5-4FDD0927B463}.Debug|Any CPU.Build.0 = Debug|Any CPU
		{55F05D2A-8B39-4D36-88E5-4FDD0927B463}.Release|Any CPU.ActiveCfg = Release|Any CPU
		{55F05D2A-8B39-4D36-88E5-4FDD0927B463}.Release|Any CPU.Build.0 = Release|Any CPU
		{B2174F06-D4D7-4329-8358-039A5F507A87}.Debug|Any CPU.ActiveCfg = Debug|Any CPU
		{B2174F06-D4D7-4329-8358-039A5F507A87}.Debug|Any CPU.Build.0 = Debug|Any CPU
		{B2174F06-D4D7-4329-8358-039A5F507A87}.Release|Any CPU.ActiveCfg = Release|Any CPU
		{B2174F06-D4D7-4329-8358-039A5F507A87}.Release|Any CPU.Build.0 = Release|Any CPU
		{C9C17592-506A-4FD4-B67B-7516116F94E9}.Debug|Any CPU.ActiveCfg = Debug|Any CPU
		{C9C17592-506A-4FD4-B67B-7516116F94E9}.Debug|Any CPU.Build.0 = Debug|Any CPU
		{C9C17592-506A-4FD4-B67B-7516116F94E9}.Release|Any CPU.ActiveCfg = Release|Any CPU
		{C9C17592-506A-4FD4-B67B-7516116F94E9}.Release|Any CPU.Build.0 = Release|Any CPU
		{C060C260-711F-4BD1-AD18-F7939B193966}.Debug|Any CPU.ActiveCfg = Debug|Any CPU
		{C060C260-711F-4BD1-AD18-F7939B193966}.Debug|Any CPU.Build.0 = Debug|Any CPU
		{C060C260-711F-4BD1-AD18-F7939B193966}.Release|Any CPU.ActiveCfg = Release|Any CPU
		{C060C260-711F-4BD1-AD18-F7939B193966}.Release|Any CPU.Build.0 = Release|Any CPU
		{A6F003DA-5030-4544-BB6B-9F2D0F0844F6}.Debug|Any CPU.ActiveCfg = Debug|Any CPU
		{A6F003DA-5030-4544-BB6B-9F2D0F0844F6}.Debug|Any CPU.Build.0 = Debug|Any CPU
		{A6F003DA-5030-4544-BB6B-9F2D0F0844F6}.Release|Any CPU.ActiveCfg = Release|Any CPU
		{A6F003DA-5030-4544-BB6B-9F2D0F0844F6}.Release|Any CPU.Build.0 = Release|Any CPU
		{1EC754C7-F198-495B-9892-0F7608FB8251}.Debug|Any CPU.ActiveCfg = Debug|Any CPU
		{1EC754C7-F198-495B-9892-0F7608FB8251}.Debug|Any CPU.Build.0 = Debug|Any CPU
		{1EC754C7-F198-495B-9892-0F7608FB8251}.Release|Any CPU.ActiveCfg = Release|Any CPU
		{1EC754C7-F198-495B-9892-0F7608FB8251}.Release|Any CPU.Build.0 = Release|Any CPU
		{F2CFE59F-4866-4458-9BCB-2E7FFC75A1C7}.Debug|Any CPU.ActiveCfg = Debug|Any CPU
		{F2CFE59F-4866-4458-9BCB-2E7FFC75A1C7}.Debug|Any CPU.Build.0 = Debug|Any CPU
		{F2CFE59F-4866-4458-9BCB-2E7FFC75A1C7}.Release|Any CPU.ActiveCfg = Release|Any CPU
		{F2CFE59F-4866-4458-9BCB-2E7FFC75A1C7}.Release|Any CPU.Build.0 = Release|Any CPU
		{B01DF2EC-B9B8-4CD2-A66E-366EA0FFE2D0}.Debug|Any CPU.ActiveCfg = Debug|Any CPU
		{B01DF2EC-B9B8-4CD2-A66E-366EA0FFE2D0}.Debug|Any CPU.Build.0 = Debug|Any CPU
		{B01DF2EC-B9B8-4CD2-A66E-366EA0FFE2D0}.Release|Any CPU.ActiveCfg = Release|Any CPU
		{B01DF2EC-B9B8-4CD2-A66E-366EA0FFE2D0}.Release|Any CPU.Build.0 = Release|Any CPU
		{91EB94BA-A3F0-4A65-98AE-1394025D5403}.Debug|Any CPU.ActiveCfg = Debug|Any CPU
		{91EB94BA-A3F0-4A65-98AE-1394025D5403}.Debug|Any CPU.Build.0 = Debug|Any CPU
		{91EB94BA-A3F0-4A65-98AE-1394025D5403}.Release|Any CPU.ActiveCfg = Release|Any CPU
		{91EB94BA-A3F0-4A65-98AE-1394025D5403}.Release|Any CPU.Build.0 = Release|Any CPU
		{F0667FFC-7E52-4880-93B7-A4F20F2B68F1}.Debug|Any CPU.ActiveCfg = Debug|Any CPU
		{F0667FFC-7E52-4880-93B7-A4F20F2B68F1}.Debug|Any CPU.Build.0 = Debug|Any CPU
		{F0667FFC-7E52-4880-93B7-A4F20F2B68F1}.Release|Any CPU.ActiveCfg = Release|Any CPU
		{F0667FFC-7E52-4880-93B7-A4F20F2B68F1}.Release|Any CPU.Build.0 = Release|Any CPU
		{5F5CFA84-654A-4CBF-8C83-0B72C874BB1C}.Debug|Any CPU.ActiveCfg = Debug|Any CPU
		{5F5CFA84-654A-4CBF-8C83-0B72C874BB1C}.Debug|Any CPU.Build.0 = Debug|Any CPU
		{5F5CFA84-654A-4CBF-8C83-0B72C874BB1C}.Release|Any CPU.ActiveCfg = Release|Any CPU
		{5F5CFA84-654A-4CBF-8C83-0B72C874BB1C}.Release|Any CPU.Build.0 = Release|Any CPU
		{0FCA460D-51E3-4DB0-8DB1-80242BF61E49}.Debug|Any CPU.ActiveCfg = Debug|Any CPU
		{0FCA460D-51E3-4DB0-8DB1-80242BF61E49}.Debug|Any CPU.Build.0 = Debug|Any CPU
		{0FCA460D-51E3-4DB0-8DB1-80242BF61E49}.Release|Any CPU.ActiveCfg = Release|Any CPU
		{0FCA460D-51E3-4DB0-8DB1-80242BF61E49}.Release|Any CPU.Build.0 = Release|Any CPU
		{37AC75F6-3569-45CE-BEB4-3ED8722E5DCA}.Debug|Any CPU.ActiveCfg = Debug|Any CPU
		{37AC75F6-3569-45CE-BEB4-3ED8722E5DCA}.Debug|Any CPU.Build.0 = Debug|Any CPU
		{37AC75F6-3569-45CE-BEB4-3ED8722E5DCA}.Release|Any CPU.ActiveCfg = Release|Any CPU
		{37AC75F6-3569-45CE-BEB4-3ED8722E5DCA}.Release|Any CPU.Build.0 = Release|Any CPU
		{DD4F743C-84D4-4232-BA66-31DC1D1AF858}.Debug|Any CPU.ActiveCfg = Debug|Any CPU
		{DD4F743C-84D4-4232-BA66-31DC1D1AF858}.Debug|Any CPU.Build.0 = Debug|Any CPU
		{DD4F743C-84D4-4232-BA66-31DC1D1AF858}.Release|Any CPU.ActiveCfg = Release|Any CPU
		{DD4F743C-84D4-4232-BA66-31DC1D1AF858}.Release|Any CPU.Build.0 = Release|Any CPU
		{BCF63ACB-89DA-437A-A15F-62A3187EE88B}.Debug|Any CPU.ActiveCfg = Debug|Any CPU
		{BCF63ACB-89DA-437A-A15F-62A3187EE88B}.Debug|Any CPU.Build.0 = Debug|Any CPU
		{BCF63ACB-89DA-437A-A15F-62A3187EE88B}.Release|Any CPU.ActiveCfg = Release|Any CPU
		{BCF63ACB-89DA-437A-A15F-62A3187EE88B}.Release|Any CPU.Build.0 = Release|Any CPU
		{A74937D9-34A7-4AAE-8263-D2C495BED352}.Debug|Any CPU.ActiveCfg = Debug|Any CPU
		{A74937D9-34A7-4AAE-8263-D2C495BED352}.Debug|Any CPU.Build.0 = Debug|Any CPU
		{A74937D9-34A7-4AAE-8263-D2C495BED352}.Release|Any CPU.ActiveCfg = Release|Any CPU
		{A74937D9-34A7-4AAE-8263-D2C495BED352}.Release|Any CPU.Build.0 = Release|Any CPU
		{0A8C57A5-D0D9-4F4F-B714-195BB272367B}.Debug|Any CPU.ActiveCfg = Debug|Any CPU
		{0A8C57A5-D0D9-4F4F-B714-195BB272367B}.Debug|Any CPU.Build.0 = Debug|Any CPU
		{0A8C57A5-D0D9-4F4F-B714-195BB272367B}.Release|Any CPU.ActiveCfg = Release|Any CPU
		{0A8C57A5-D0D9-4F4F-B714-195BB272367B}.Release|Any CPU.Build.0 = Release|Any CPU
		{ABFB0813-05E3-4AA9-B8AE-1EF0841E0C1F}.Debug|Any CPU.ActiveCfg = Debug|Any CPU
		{ABFB0813-05E3-4AA9-B8AE-1EF0841E0C1F}.Debug|Any CPU.Build.0 = Debug|Any CPU
		{ABFB0813-05E3-4AA9-B8AE-1EF0841E0C1F}.Release|Any CPU.ActiveCfg = Release|Any CPU
		{ABFB0813-05E3-4AA9-B8AE-1EF0841E0C1F}.Release|Any CPU.Build.0 = Release|Any CPU
		{462B39BC-DB0B-45DF-9414-FA01437CF2FD}.Debug|Any CPU.ActiveCfg = Debug|Any CPU
		{462B39BC-DB0B-45DF-9414-FA01437CF2FD}.Debug|Any CPU.Build.0 = Debug|Any CPU
		{462B39BC-DB0B-45DF-9414-FA01437CF2FD}.Release|Any CPU.ActiveCfg = Release|Any CPU
		{462B39BC-DB0B-45DF-9414-FA01437CF2FD}.Release|Any CPU.Build.0 = Release|Any CPU
		{6AEF1997-BA38-4F36-A843-7B22AE16A867}.Debug|Any CPU.ActiveCfg = Debug|Any CPU
		{6AEF1997-BA38-4F36-A843-7B22AE16A867}.Debug|Any CPU.Build.0 = Debug|Any CPU
		{6AEF1997-BA38-4F36-A843-7B22AE16A867}.Release|Any CPU.ActiveCfg = Release|Any CPU
		{6AEF1997-BA38-4F36-A843-7B22AE16A867}.Release|Any CPU.Build.0 = Release|Any CPU
		{C9542C4C-0630-4178-BC26-D138E5D1B477}.Debug|Any CPU.ActiveCfg = Debug|Any CPU
		{C9542C4C-0630-4178-BC26-D138E5D1B477}.Debug|Any CPU.Build.0 = Debug|Any CPU
		{C9542C4C-0630-4178-BC26-D138E5D1B477}.Release|Any CPU.ActiveCfg = Release|Any CPU
		{C9542C4C-0630-4178-BC26-D138E5D1B477}.Release|Any CPU.Build.0 = Release|Any CPU
		{B558BC62-E71D-4895-8B3C-4A64883120D6}.Debug|Any CPU.ActiveCfg = Debug|Any CPU
		{B558BC62-E71D-4895-8B3C-4A64883120D6}.Debug|Any CPU.Build.0 = Debug|Any CPU
		{B558BC62-E71D-4895-8B3C-4A64883120D6}.Release|Any CPU.ActiveCfg = Release|Any CPU
		{B558BC62-E71D-4895-8B3C-4A64883120D6}.Release|Any CPU.Build.0 = Release|Any CPU
		{38B07AD4-56A6-4A33-A4F4-A6564CE2CC89}.Debug|Any CPU.ActiveCfg = Debug|Any CPU
		{38B07AD4-56A6-4A33-A4F4-A6564CE2CC89}.Debug|Any CPU.Build.0 = Debug|Any CPU
		{38B07AD4-56A6-4A33-A4F4-A6564CE2CC89}.Release|Any CPU.ActiveCfg = Release|Any CPU
		{38B07AD4-56A6-4A33-A4F4-A6564CE2CC89}.Release|Any CPU.Build.0 = Release|Any CPU
		{89603437-2F81-4F36-AA12-F5CB7770CDA1}.Debug|Any CPU.ActiveCfg = Debug|Any CPU
		{89603437-2F81-4F36-AA12-F5CB7770CDA1}.Debug|Any CPU.Build.0 = Debug|Any CPU
		{89603437-2F81-4F36-AA12-F5CB7770CDA1}.Release|Any CPU.ActiveCfg = Release|Any CPU
		{89603437-2F81-4F36-AA12-F5CB7770CDA1}.Release|Any CPU.Build.0 = Release|Any CPU
		{023ABCBE-7220-42C8-91CE-89E55DDB90E5}.Debug|Any CPU.ActiveCfg = Debug|Any CPU
		{023ABCBE-7220-42C8-91CE-89E55DDB90E5}.Debug|Any CPU.Build.0 = Debug|Any CPU
		{023ABCBE-7220-42C8-91CE-89E55DDB90E5}.Release|Any CPU.ActiveCfg = Release|Any CPU
		{023ABCBE-7220-42C8-91CE-89E55DDB90E5}.Release|Any CPU.Build.0 = Release|Any CPU
		{1F9AC573-6693-43F7-A183-C898CD863252}.Debug|Any CPU.ActiveCfg = Debug|Any CPU
		{1F9AC573-6693-43F7-A183-C898CD863252}.Debug|Any CPU.Build.0 = Debug|Any CPU
		{1F9AC573-6693-43F7-A183-C898CD863252}.Release|Any CPU.ActiveCfg = Release|Any CPU
		{1F9AC573-6693-43F7-A183-C898CD863252}.Release|Any CPU.Build.0 = Release|Any CPU
		{A2755B42-96CB-4DDD-9C43-6B18E894033F}.Debug|Any CPU.ActiveCfg = Debug|Any CPU
		{A2755B42-96CB-4DDD-9C43-6B18E894033F}.Debug|Any CPU.Build.0 = Debug|Any CPU
		{A2755B42-96CB-4DDD-9C43-6B18E894033F}.Release|Any CPU.ActiveCfg = Release|Any CPU
		{A2755B42-96CB-4DDD-9C43-6B18E894033F}.Release|Any CPU.Build.0 = Release|Any CPU
		{8C041F40-190A-4F29-AFC1-9DF3313775EA}.Debug|Any CPU.ActiveCfg = Debug|Any CPU
		{8C041F40-190A-4F29-AFC1-9DF3313775EA}.Debug|Any CPU.Build.0 = Debug|Any CPU
		{8C041F40-190A-4F29-AFC1-9DF3313775EA}.Release|Any CPU.ActiveCfg = Release|Any CPU
		{8C041F40-190A-4F29-AFC1-9DF3313775EA}.Release|Any CPU.Build.0 = Release|Any CPU
		{37CA03D3-D936-4FB0-8605-EE750A26956E}.Debug|Any CPU.ActiveCfg = Debug|Any CPU
		{37CA03D3-D936-4FB0-8605-EE750A26956E}.Debug|Any CPU.Build.0 = Debug|Any CPU
		{37CA03D3-D936-4FB0-8605-EE750A26956E}.Release|Any CPU.ActiveCfg = Release|Any CPU
		{37CA03D3-D936-4FB0-8605-EE750A26956E}.Release|Any CPU.Build.0 = Release|Any CPU
		{2F041C9D-907F-4239-880C-1BCF6E29D228}.Debug|Any CPU.ActiveCfg = Debug|Any CPU
		{2F041C9D-907F-4239-880C-1BCF6E29D228}.Debug|Any CPU.Build.0 = Debug|Any CPU
		{2F041C9D-907F-4239-880C-1BCF6E29D228}.Release|Any CPU.ActiveCfg = Release|Any CPU
		{2F041C9D-907F-4239-880C-1BCF6E29D228}.Release|Any CPU.Build.0 = Release|Any CPU
		{7956A8E0-13B9-4E72-AC51-7C55B1588D8F}.Debug|Any CPU.ActiveCfg = Debug|Any CPU
		{7956A8E0-13B9-4E72-AC51-7C55B1588D8F}.Debug|Any CPU.Build.0 = Debug|Any CPU
		{7956A8E0-13B9-4E72-AC51-7C55B1588D8F}.Release|Any CPU.ActiveCfg = Release|Any CPU
		{7956A8E0-13B9-4E72-AC51-7C55B1588D8F}.Release|Any CPU.Build.0 = Release|Any CPU
		{E0E3E0BE-4066-4859-9AA0-55D47CCCD167}.Debug|Any CPU.ActiveCfg = Debug|Any CPU
		{E0E3E0BE-4066-4859-9AA0-55D47CCCD167}.Debug|Any CPU.Build.0 = Debug|Any CPU
		{E0E3E0BE-4066-4859-9AA0-55D47CCCD167}.Release|Any CPU.ActiveCfg = Release|Any CPU
		{E0E3E0BE-4066-4859-9AA0-55D47CCCD167}.Release|Any CPU.Build.0 = Release|Any CPU
		{3F259791-6484-43FD-BE21-35DF6759A913}.Debug|Any CPU.ActiveCfg = Debug|Any CPU
		{3F259791-6484-43FD-BE21-35DF6759A913}.Debug|Any CPU.Build.0 = Debug|Any CPU
		{3F259791-6484-43FD-BE21-35DF6759A913}.Release|Any CPU.ActiveCfg = Release|Any CPU
		{3F259791-6484-43FD-BE21-35DF6759A913}.Release|Any CPU.Build.0 = Release|Any CPU
	EndGlobalSection
	GlobalSection(SolutionProperties) = preSolution
		HideSolutionNode = FALSE
	EndGlobalSection
	GlobalSection(NestedProjects) = preSolution
		{615BA7DC-3C21-4159-8432-B723FA7C45AD} = {4E0CB6BA-AE03-4F1C-BBFB-CFEC94F4CD5B}
		{21934BEC-5F5A-4496-907E-0BE47EC99CE1} = {1AFD1B8C-4252-41C7-8E2B-3DC9C927B04E}
		{D9C9CEEC-DD26-4664-A7DA-7259303AE07E} = {1AFD1B8C-4252-41C7-8E2B-3DC9C927B04E}
		{37BE5CF3-3601-4DFD-9482-6285380D4663} = {1AFD1B8C-4252-41C7-8E2B-3DC9C927B04E}
		{95B0047B-262F-455C-B473-A3CEE0E47CA4} = {1AFD1B8C-4252-41C7-8E2B-3DC9C927B04E}
		{7FDEFD37-2A7A-4B45-81D0-AAFBEF8EA03E} = {1AFD1B8C-4252-41C7-8E2B-3DC9C927B04E}
		{5CE40D55-05AE-484E-BC29-89FD08D41008} = {1AFD1B8C-4252-41C7-8E2B-3DC9C927B04E}
		{33CCA9B1-B0AC-41D5-A473-BBC0395282EF} = {1AFD1B8C-4252-41C7-8E2B-3DC9C927B04E}
		{33CE8FA2-241C-4F6E-BD13-2273CA005A20} = {9F9EB397-C05C-473C-8259-8E61C508A19F}
		{2AFA4FAC-7BD0-434C-9E7A-0403D01283D1} = {9F9EB397-C05C-473C-8259-8E61C508A19F}
		{6FA8E90F-C41E-4FBC-9FD8-066CC8C9AB76} = {9F9EB397-C05C-473C-8259-8E61C508A19F}
		{9A54722F-AC66-4432-B208-CAEAC6D62316} = {9F9EB397-C05C-473C-8259-8E61C508A19F}
		{10A203E5-9BFA-49F3-A971-5F0F21624271} = {9F9EB397-C05C-473C-8259-8E61C508A19F}
		{4433B946-E01D-4D99-9E05-461D734FC1A8} = {493E2CF3-6815-4AE9-A443-38EEE1FB0619}
		{905E0998-E50F-42E0-9489-F31EB5456080} = {493E2CF3-6815-4AE9-A443-38EEE1FB0619}
		{20A0B100-D594-49EB-A267-9E331E65AF5C} = {493E2CF3-6815-4AE9-A443-38EEE1FB0619}
		{2D8CDEFE-06DC-49D4-965D-45F517F2D3A6} = {493E2CF3-6815-4AE9-A443-38EEE1FB0619}
		{E9BAB0F5-E75B-4646-BF42-649CF5EA89ED} = {493E2CF3-6815-4AE9-A443-38EEE1FB0619}
		{FCFB4D5B-3022-48FE-A02B-799AE8A794DB} = {493E2CF3-6815-4AE9-A443-38EEE1FB0619}
		{A95E3D12-8727-4F5B-AA2A-40DFA03A160A} = {493E2CF3-6815-4AE9-A443-38EEE1FB0619}
		{37D4E365-E243-4017-9250-C6A04DCFBC53} = {493E2CF3-6815-4AE9-A443-38EEE1FB0619}
		{95DE932A-D23A-4FFF-BFF4-5C5E8B14010D} = {493E2CF3-6815-4AE9-A443-38EEE1FB0619}
		{A854ACBC-89DF-4725-9E05-BAA1E4F05AF5} = {493E2CF3-6815-4AE9-A443-38EEE1FB0619}
		{E8F224EC-FCD5-4B68-AFD9-38EE8A86010C} = {493E2CF3-6815-4AE9-A443-38EEE1FB0619}
		{5136E46B-1671-48E0-A35E-6EDB8958CC2A} = {493E2CF3-6815-4AE9-A443-38EEE1FB0619}
		{BB6B47A3-BD12-4196-8906-7914248A62A7} = {493E2CF3-6815-4AE9-A443-38EEE1FB0619}
		{CC2DB42B-18E1-46EA-984A-CEA1EB73798F} = {3219A185-A90D-4022-BBF4-9C6B4AC6D4C3}
		{388F3572-9525-41FE-A761-762523A8C4A0} = {3219A185-A90D-4022-BBF4-9C6B4AC6D4C3}
		{E34CD874-3F95-475C-8DAA-DB99EA06D18B} = {3219A185-A90D-4022-BBF4-9C6B4AC6D4C3}
		{1EB0C088-29B0-4B26-BA2C-6152EC2076F8} = {3219A185-A90D-4022-BBF4-9C6B4AC6D4C3}
		{493BB753-7B51-41EC-8C4B-1FC1EA2B06D2} = {3219A185-A90D-4022-BBF4-9C6B4AC6D4C3}
		{525DE658-D118-4BF1-84AF-C93C45F397EC} = {3219A185-A90D-4022-BBF4-9C6B4AC6D4C3}
		{B339E424-2F67-4878-ADDE-1BE4AF23CB1A} = {9E46C963-FFF0-45FF-B5D6-DDB2F1F11197}
		{3ED39EE5-67FE-46F2-BF43-42F7864E0E81} = {9E46C963-FFF0-45FF-B5D6-DDB2F1F11197}
		{A3984D5E-B15F-435E-A6EE-56D07495865B} = {9E46C963-FFF0-45FF-B5D6-DDB2F1F11197}
		{939D2A85-6B71-429C-981B-50F6FE0311B7} = {9E46C963-FFF0-45FF-B5D6-DDB2F1F11197}
		{3C8DD1B8-DF9F-428A-9FC2-69ED4F3FBE93} = {9E46C963-FFF0-45FF-B5D6-DDB2F1F11197}
		{66E696B5-9A88-495D-8E0A-5EA215B0856E} = {9E46C963-FFF0-45FF-B5D6-DDB2F1F11197}
		{6A53D77D-3554-4072-847F-B2970A22A1F2} = {9E46C963-FFF0-45FF-B5D6-DDB2F1F11197}
		{BFD116D7-3C7A-4B2A-B914-9C2DDB00DEA1} = {9E46C963-FFF0-45FF-B5D6-DDB2F1F11197}
		{4761A04D-A045-4799-87DC-C76E18AC8709} = {9E46C963-FFF0-45FF-B5D6-DDB2F1F11197}
		{E105E34A-7285-4D89-8F0A-B9DC41D287DB} = {9E46C963-FFF0-45FF-B5D6-DDB2F1F11197}
		{21FE433A-9EB6-4D88-89B9-53134E7628B5} = {E063545C-15C3-47CA-942A-AD36FD8A1D3D}
		{D5597D35-2FB7-4472-861E-CB514589C3F6} = {E063545C-15C3-47CA-942A-AD36FD8A1D3D}
		{FBDE80AB-55A4-43EB-A18C-F954A3D26FD6} = {E063545C-15C3-47CA-942A-AD36FD8A1D3D}
		{E7B8AF4D-F523-4520-8C13-8E09764338B9} = {E063545C-15C3-47CA-942A-AD36FD8A1D3D}
		{F52EF098-8DB0-4A78-90B1-CF012B462F25} = {E063545C-15C3-47CA-942A-AD36FD8A1D3D}
		{A6FD24CB-4765-43BD-A7A8-1BC5FEDE34D7} = {E063545C-15C3-47CA-942A-AD36FD8A1D3D}
		{0193013D-2783-4D3E-AF2E-45B4AEAD23E0} = {E063545C-15C3-47CA-942A-AD36FD8A1D3D}
		{C670CCE6-C130-4E1C-A3AF-5226023B3DA9} = {E063545C-15C3-47CA-942A-AD36FD8A1D3D}
		{F4A4D2E9-01F0-4C0B-AE9C-C2D7C2C1142B} = {E063545C-15C3-47CA-942A-AD36FD8A1D3D}
		{217835BA-C583-4444-A3D8-513E34E64BA1} = {E063545C-15C3-47CA-942A-AD36FD8A1D3D}
		{063DFDB2-28B7-46D4-872B-B6A8A78CCDB9} = {E063545C-15C3-47CA-942A-AD36FD8A1D3D}
		{B9345A47-2005-4E2E-A209-D6719ED66A63} = {601AFD4F-A643-442E-8B73-1396795C104A}
		{6701D25D-CCAA-4F37-B106-621B5E3F628C} = {601AFD4F-A643-442E-8B73-1396795C104A}
		{CC4E41D7-9E2A-4302-A5FD-4627D29B26A0} = {601AFD4F-A643-442E-8B73-1396795C104A}
		{2F47036A-3B99-4790-B959-A8D96D1F4BD2} = {601AFD4F-A643-442E-8B73-1396795C104A}
		{7D461D1F-1694-4422-A4F9-AEFFA11B32B7} = {601AFD4F-A643-442E-8B73-1396795C104A}
		{5244F9DB-24ED-4727-8B80-986FD76E749E} = {601AFD4F-A643-442E-8B73-1396795C104A}
		{1EFDD506-D407-43B8-9C9C-F32D10E2890F} = {601AFD4F-A643-442E-8B73-1396795C104A}
		{403B05F2-C561-4946-94CB-5E56F0681C9D} = {601AFD4F-A643-442E-8B73-1396795C104A}
		{2F152CEC-E5CF-48B7-AB3F-D60183944308} = {85A5E3DD-38AA-4E56-B2A8-940796A7B71F}
		{791BB252-829F-4913-BBC4-79F5445EA297} = {85A5E3DD-38AA-4E56-B2A8-940796A7B71F}
		{8F9447E1-76AA-4F63-87B1-B7DB9A09FCD0} = {85A5E3DD-38AA-4E56-B2A8-940796A7B71F}
		{FF1FC4C0-FFC4-4FDF-852D-0574D2F6F25B} = {85A5E3DD-38AA-4E56-B2A8-940796A7B71F}
		{757E71A8-AF88-4123-BE07-9F1E5E3B0491} = {85A5E3DD-38AA-4E56-B2A8-940796A7B71F}
		{AA1E6540-EB94-4D5C-98E9-9C7C101F2950} = {85A5E3DD-38AA-4E56-B2A8-940796A7B71F}
		{A2181491-A8B7-4593-813E-4988DF030D77} = {85A5E3DD-38AA-4E56-B2A8-940796A7B71F}
		{4D1A4B1E-2953-4E3D-8166-15C17E855FD0} = {85A5E3DD-38AA-4E56-B2A8-940796A7B71F}
		{DAC28AF7-59F0-4EE0-ACA6-FC296649B382} = {85A5E3DD-38AA-4E56-B2A8-940796A7B71F}
		{0E68D59A-285A-4A60-844E-A3B0C4B9E77F} = {85A5E3DD-38AA-4E56-B2A8-940796A7B71F}
		{4DC350C0-575A-45A1-AA45-77ACED77F29C} = {85A5E3DD-38AA-4E56-B2A8-940796A7B71F}
		{8C201979-85C0-43DF-94EB-EFA1329E51A2} = {85A5E3DD-38AA-4E56-B2A8-940796A7B71F}
		{ADA7BE01-B21B-4A54-89FB-8B8AC969DBFC} = {85A5E3DD-38AA-4E56-B2A8-940796A7B71F}
		{94AC77FE-0FE4-423B-86B2-12DCEFA6E70C} = {85A5E3DD-38AA-4E56-B2A8-940796A7B71F}
		{C9DA4C36-1378-4F47-9992-4300AAEC02CE} = {85A5E3DD-38AA-4E56-B2A8-940796A7B71F}
		{1D3C9F4D-B08D-441D-A0BF-587D97F032A2} = {85A5E3DD-38AA-4E56-B2A8-940796A7B71F}
		{7EC90F68-6677-4EFC-835E-AB271391A885} = {85A5E3DD-38AA-4E56-B2A8-940796A7B71F}
		{64E4D284-4639-46B8-9E4A-16E8B09F0E64} = {85A5E3DD-38AA-4E56-B2A8-940796A7B71F}
		{67D95A6E-16A3-4BBD-BE7E-F6E78392EFE9} = {85A5E3DD-38AA-4E56-B2A8-940796A7B71F}
		{6D71FC6E-1175-4D8B-9E35-634840F2CA96} = {85A5E3DD-38AA-4E56-B2A8-940796A7B71F}
		{656C064E-0834-43AA-A25D-609B1588D40E} = {85A5E3DD-38AA-4E56-B2A8-940796A7B71F}
		{CB0D3DCD-2161-45E3-90BE-438D4B1A232D} = {3219A185-A90D-4022-BBF4-9C6B4AC6D4C3}
		{E33270B7-7F1D-4FCB-836B-DA98A8A3B999} = {3219A185-A90D-4022-BBF4-9C6B4AC6D4C3}
		{75D29CFA-9BB7-44C3-8879-7D018E0C38D5} = {58E7C362-EDA0-4011-8156-FFBEDEF36124}
		{5AE49F55-18BE-472C-8BD1-C12B954FE788} = {58E7C362-EDA0-4011-8156-FFBEDEF36124}
		{B565E19D-1A35-448D-AAD6-5EC3DC9359F7} = {58E7C362-EDA0-4011-8156-FFBEDEF36124}
		{3378BE8B-53AB-4FC1-8194-1F9375C6E37E} = {58E7C362-EDA0-4011-8156-FFBEDEF36124}
		{7606234B-7F22-42CA-A266-62320D7D72D9} = {58E7C362-EDA0-4011-8156-FFBEDEF36124}
		{8A72CBBD-1247-45F0-AC57-577B7087321D} = {58E7C362-EDA0-4011-8156-FFBEDEF36124}
		{51DF2431-FD1A-4C27-9FCE-CC2D7F33BCF0} = {58E7C362-EDA0-4011-8156-FFBEDEF36124}
		{2D6A8BD4-B9F4-4D57-8867-A1ED517314A6} = {58E7C362-EDA0-4011-8156-FFBEDEF36124}
		{03782054-9395-420A-8103-4FBE0E419D26} = {58E7C362-EDA0-4011-8156-FFBEDEF36124}
		{9B6D382B-BF7D-4A90-ADF8-260BD3D47054} = {58E7C362-EDA0-4011-8156-FFBEDEF36124}
		{005E592C-3882-44F2-BDC9-E552D7379AC1} = {58E7C362-EDA0-4011-8156-FFBEDEF36124}
		{55F05D2A-8B39-4D36-88E5-4FDD0927B463} = {58E7C362-EDA0-4011-8156-FFBEDEF36124}
		{B2174F06-D4D7-4329-8358-039A5F507A87} = {58E7C362-EDA0-4011-8156-FFBEDEF36124}
		{C9C17592-506A-4FD4-B67B-7516116F94E9} = {58E7C362-EDA0-4011-8156-FFBEDEF36124}
		{C060C260-711F-4BD1-AD18-F7939B193966} = {21E9E9AA-110F-43D7-8A65-A97547BCBA48}
		{A6F003DA-5030-4544-BB6B-9F2D0F0844F6} = {21E9E9AA-110F-43D7-8A65-A97547BCBA48}
		{1EC754C7-F198-495B-9892-0F7608FB8251} = {21E9E9AA-110F-43D7-8A65-A97547BCBA48}
		{F2CFE59F-4866-4458-9BCB-2E7FFC75A1C7} = {21E9E9AA-110F-43D7-8A65-A97547BCBA48}
		{B01DF2EC-B9B8-4CD2-A66E-366EA0FFE2D0} = {21E9E9AA-110F-43D7-8A65-A97547BCBA48}
		{91EB94BA-A3F0-4A65-98AE-1394025D5403} = {21E9E9AA-110F-43D7-8A65-A97547BCBA48}
		{F0667FFC-7E52-4880-93B7-A4F20F2B68F1} = {21E9E9AA-110F-43D7-8A65-A97547BCBA48}
		{5F5CFA84-654A-4CBF-8C83-0B72C874BB1C} = {21E9E9AA-110F-43D7-8A65-A97547BCBA48}
		{0FCA460D-51E3-4DB0-8DB1-80242BF61E49} = {21E9E9AA-110F-43D7-8A65-A97547BCBA48}
		{37AC75F6-3569-45CE-BEB4-3ED8722E5DCA} = {21E9E9AA-110F-43D7-8A65-A97547BCBA48}
		{DD4F743C-84D4-4232-BA66-31DC1D1AF858} = {21E9E9AA-110F-43D7-8A65-A97547BCBA48}
		{BCF63ACB-89DA-437A-A15F-62A3187EE88B} = {21E9E9AA-110F-43D7-8A65-A97547BCBA48}
		{A74937D9-34A7-4AAE-8263-D2C495BED352} = {21E9E9AA-110F-43D7-8A65-A97547BCBA48}
		{0A8C57A5-D0D9-4F4F-B714-195BB272367B} = {21E9E9AA-110F-43D7-8A65-A97547BCBA48}
		{ABFB0813-05E3-4AA9-B8AE-1EF0841E0C1F} = {21E9E9AA-110F-43D7-8A65-A97547BCBA48}
		{462B39BC-DB0B-45DF-9414-FA01437CF2FD} = {21E9E9AA-110F-43D7-8A65-A97547BCBA48}
		{6AEF1997-BA38-4F36-A843-7B22AE16A867} = {21E9E9AA-110F-43D7-8A65-A97547BCBA48}
		{C9542C4C-0630-4178-BC26-D138E5D1B477} = {21E9E9AA-110F-43D7-8A65-A97547BCBA48}
		{B558BC62-E71D-4895-8B3C-4A64883120D6} = {21E9E9AA-110F-43D7-8A65-A97547BCBA48}
		{38B07AD4-56A6-4A33-A4F4-A6564CE2CC89} = {21E9E9AA-110F-43D7-8A65-A97547BCBA48}
		{89603437-2F81-4F36-AA12-F5CB7770CDA1} = {21E9E9AA-110F-43D7-8A65-A97547BCBA48}
		{023ABCBE-7220-42C8-91CE-89E55DDB90E5} = {21E9E9AA-110F-43D7-8A65-A97547BCBA48}
		{1F9AC573-6693-43F7-A183-C898CD863252} = {84422FA0-FABE-4A98-963D-B61EF471496C}
		{A2755B42-96CB-4DDD-9C43-6B18E894033F} = {84422FA0-FABE-4A98-963D-B61EF471496C}
		{8C041F40-190A-4F29-AFC1-9DF3313775EA} = {84422FA0-FABE-4A98-963D-B61EF471496C}
		{37CA03D3-D936-4FB0-8605-EE750A26956E} = {C3748C80-FBE5-4FED-BC1D-EF72C349219D}
		{2F041C9D-907F-4239-880C-1BCF6E29D228} = {C3748C80-FBE5-4FED-BC1D-EF72C349219D}
		{7956A8E0-13B9-4E72-AC51-7C55B1588D8F} = {C3748C80-FBE5-4FED-BC1D-EF72C349219D}
		{E0E3E0BE-4066-4859-9AA0-55D47CCCD167} = {C3748C80-FBE5-4FED-BC1D-EF72C349219D}
		{3F259791-6484-43FD-BE21-35DF6759A913} = {C3748C80-FBE5-4FED-BC1D-EF72C349219D}
	EndGlobalSection
	GlobalSection(ExtensibilityGlobals) = postSolution
		SolutionGuid = {EAD275DB-ECE1-4923-92F7-C1E25EEE6E6F}
	EndGlobalSection
EndGlobal
